// !$*UTF8*$!
{
	archiveVersion = 1;
	classes = {
	};
	objectVersion = 55;
	objects = {

/* Begin PBXBuildFile section */
		B9DC3DFB27EFBD2C0084DAA4 /* AppDelegate.m in Sources */ = {isa = PBXBuildFile; fileRef = B9DC3DFA27EFBD2C0084DAA4 /* AppDelegate.m */; };
		B9DC3E0127EFBD2D0084DAA4 /* ViewController.m in Sources */ = {isa = PBXBuildFile; fileRef = B9DC3E0027EFBD2D0084DAA4 /* ViewController.m */; };
		B9DC3E0427EFBD2D0084DAA4 /* Main.storyboard in Resources */ = {isa = PBXBuildFile; fileRef = B9DC3E0227EFBD2D0084DAA4 /* Main.storyboard */; };
		B9DC3E0627EFBD2F0084DAA4 /* Assets.xcassets in Resources */ = {isa = PBXBuildFile; fileRef = B9DC3E0527EFBD2F0084DAA4 /* Assets.xcassets */; };
		B9DC3E0927EFBD2F0084DAA4 /* LaunchScreen.storyboard in Resources */ = {isa = PBXBuildFile; fileRef = B9DC3E0727EFBD2F0084DAA4 /* LaunchScreen.storyboard */; };
		B9DC3E0C27EFBD2F0084DAA4 /* main.m in Sources */ = {isa = PBXBuildFile; fileRef = B9DC3E0B27EFBD2F0084DAA4 /* main.m */; };
/* End PBXBuildFile section */

/* Begin PBXFileReference section */
		B9DC3DF627EFBD2C0084DAA4 /* DolphiniOS.app */ = {isa = PBXFileReference; explicitFileType = wrapper.application; includeInIndex = 0; path = DolphiniOS.app; sourceTree = BUILT_PRODUCTS_DIR; };
		B9DC3DF927EFBD2C0084DAA4 /* AppDelegate.h */ = {isa = PBXFileReference; lastKnownFileType = sourcecode.c.h; path = AppDelegate.h; sourceTree = "<group>"; };
		B9DC3DFA27EFBD2C0084DAA4 /* AppDelegate.m */ = {isa = PBXFileReference; lastKnownFileType = sourcecode.c.objc; path = AppDelegate.m; sourceTree = "<group>"; };
		B9DC3DFF27EFBD2D0084DAA4 /* ViewController.h */ = {isa = PBXFileReference; lastKnownFileType = sourcecode.c.h; path = ViewController.h; sourceTree = "<group>"; };
		B9DC3E0027EFBD2D0084DAA4 /* ViewController.m */ = {isa = PBXFileReference; lastKnownFileType = sourcecode.c.objc; path = ViewController.m; sourceTree = "<group>"; };
		B9DC3E0327EFBD2D0084DAA4 /* Base */ = {isa = PBXFileReference; lastKnownFileType = file.storyboard; name = Base; path = Base.lproj/Main.storyboard; sourceTree = "<group>"; };
		B9DC3E0527EFBD2F0084DAA4 /* Assets.xcassets */ = {isa = PBXFileReference; lastKnownFileType = folder.assetcatalog; path = Assets.xcassets; sourceTree = "<group>"; };
		B9DC3E0827EFBD2F0084DAA4 /* Base */ = {isa = PBXFileReference; lastKnownFileType = file.storyboard; name = Base; path = Base.lproj/LaunchScreen.storyboard; sourceTree = "<group>"; };
		B9DC3E0A27EFBD2F0084DAA4 /* Info.plist */ = {isa = PBXFileReference; lastKnownFileType = text.plist.xml; path = Info.plist; sourceTree = "<group>"; };
		B9DC3E0B27EFBD2F0084DAA4 /* main.m */ = {isa = PBXFileReference; lastKnownFileType = sourcecode.c.objc; path = main.m; sourceTree = "<group>"; };
/* End PBXFileReference section */

/* Begin PBXFrameworksBuildPhase section */
		B9DC3DF327EFBD2C0084DAA4 /* Frameworks */ = {
			isa = PBXFrameworksBuildPhase;
			buildActionMask = 2147483647;
			files = (
			);
			runOnlyForDeploymentPostprocessing = 0;
		};
/* End PBXFrameworksBuildPhase section */

/* Begin PBXGroup section */
		B9DC3DED27EFBD2C0084DAA4 = {
			isa = PBXGroup;
			children = (
				B9DC3DF827EFBD2C0084DAA4 /* DolphiniOS */,
				B9DC3DF727EFBD2C0084DAA4 /* Products */,
			);
			sourceTree = "<group>";
		};
		B9DC3DF727EFBD2C0084DAA4 /* Products */ = {
			isa = PBXGroup;
			children = (
				B9DC3DF627EFBD2C0084DAA4 /* DolphiniOS.app */,
			);
			name = Products;
			sourceTree = "<group>";
		};
		B9DC3DF827EFBD2C0084DAA4 /* DolphiniOS */ = {
			isa = PBXGroup;
			children = (
				B9DC3DF927EFBD2C0084DAA4 /* AppDelegate.h */,
				B9DC3DFA27EFBD2C0084DAA4 /* AppDelegate.m */,
				B9DC3DFF27EFBD2D0084DAA4 /* ViewController.h */,
				B9DC3E0027EFBD2D0084DAA4 /* ViewController.m */,
				B9DC3E0227EFBD2D0084DAA4 /* Main.storyboard */,
				B9DC3E0527EFBD2F0084DAA4 /* Assets.xcassets */,
				B9DC3E0727EFBD2F0084DAA4 /* LaunchScreen.storyboard */,
				B9DC3E0A27EFBD2F0084DAA4 /* Info.plist */,
				B9DC3E0B27EFBD2F0084DAA4 /* main.m */,
			);
			path = DolphiniOS;
			sourceTree = "<group>";
		};
/* End PBXGroup section */

/* Begin PBXNativeTarget section */
		B9DC3DF527EFBD2C0084DAA4 /* DolphiniOS */ = {
			isa = PBXNativeTarget;
			buildConfigurationList = B9DC3E0F27EFBD2F0084DAA4 /* Build configuration list for PBXNativeTarget "DolphiniOS" */;
			buildPhases = (
				B9DC3DF227EFBD2C0084DAA4 /* Sources */,
				B9DC3DF327EFBD2C0084DAA4 /* Frameworks */,
				B9DC3DF427EFBD2C0084DAA4 /* Resources */,
			);
			buildRules = (
			);
			dependencies = (
			);
			name = DolphiniOS;
			productName = DolphiniOS;
			productReference = B9DC3DF627EFBD2C0084DAA4 /* DolphiniOS.app */;
			productType = "com.apple.product-type.application";
		};
/* End PBXNativeTarget section */

/* Begin PBXProject section */
		B9DC3DEE27EFBD2C0084DAA4 /* Project object */ = {
			isa = PBXProject;
			attributes = {
				BuildIndependentTargetsInParallel = 1;
				LastUpgradeCheck = 1310;
				TargetAttributes = {
					B9DC3DF527EFBD2C0084DAA4 = {
						CreatedOnToolsVersion = 13.1;
					};
				};
			};
			buildConfigurationList = B9DC3DF127EFBD2C0084DAA4 /* Build configuration list for PBXProject "DolphiniOS" */;
			compatibilityVersion = "Xcode 13.0";
			developmentRegion = en;
			hasScannedForEncodings = 0;
			knownRegions = (
				en,
				Base,
			);
			mainGroup = B9DC3DED27EFBD2C0084DAA4;
			productRefGroup = B9DC3DF727EFBD2C0084DAA4 /* Products */;
			projectDirPath = "";
			projectRoot = "";
			targets = (
				B9DC3DF527EFBD2C0084DAA4 /* DolphiniOS */,
			);
		};
/* End PBXProject section */

/* Begin PBXResourcesBuildPhase section */
		B9DC3DF427EFBD2C0084DAA4 /* Resources */ = {
			isa = PBXResourcesBuildPhase;
			buildActionMask = 2147483647;
			files = (
				B9DC3E0927EFBD2F0084DAA4 /* LaunchScreen.storyboard in Resources */,
				B9DC3E0627EFBD2F0084DAA4 /* Assets.xcassets in Resources */,
				B9DC3E0427EFBD2D0084DAA4 /* Main.storyboard in Resources */,
			);
			runOnlyForDeploymentPostprocessing = 0;
		};
/* End PBXResourcesBuildPhase section */

/* Begin PBXSourcesBuildPhase section */
		B9DC3DF227EFBD2C0084DAA4 /* Sources */ = {
			isa = PBXSourcesBuildPhase;
			buildActionMask = 2147483647;
			files = (
				B9DC3E0127EFBD2D0084DAA4 /* ViewController.m in Sources */,
				B9DC3DFB27EFBD2C0084DAA4 /* AppDelegate.m in Sources */,
				B9DC3E0C27EFBD2F0084DAA4 /* main.m in Sources */,
			);
			runOnlyForDeploymentPostprocessing = 0;
		};
/* End PBXSourcesBuildPhase section */

/* Begin PBXVariantGroup section */
		B9DC3E0227EFBD2D0084DAA4 /* Main.storyboard */ = {
			isa = PBXVariantGroup;
			children = (
				B9DC3E0327EFBD2D0084DAA4 /* Base */,
			);
			name = Main.storyboard;
			sourceTree = "<group>";
		};
		B9DC3E0727EFBD2F0084DAA4 /* LaunchScreen.storyboard */ = {
			isa = PBXVariantGroup;
			children = (
				B9DC3E0827EFBD2F0084DAA4 /* Base */,
			);
			name = LaunchScreen.storyboard;
			sourceTree = "<group>";
		};
/* End PBXVariantGroup section */

/* Begin XCBuildConfiguration section */
		B9DC3E0D27EFBD2F0084DAA4 /* Debug */ = {
			isa = XCBuildConfiguration;
			buildSettings = {
				ALWAYS_SEARCH_USER_PATHS = NO;
				ARCHS = "$(ARCHS_STANDARD_64_BIT)";
				CLANG_ANALYZER_NONNULL = YES;
				CLANG_ANALYZER_NUMBER_OBJECT_CONVERSION = YES_AGGRESSIVE;
				CLANG_CXX_LANGUAGE_STANDARD = "gnu++17";
				CLANG_CXX_LIBRARY = "libc++";
				CLANG_ENABLE_MODULES = YES;
				CLANG_ENABLE_OBJC_ARC = YES;
				CLANG_ENABLE_OBJC_WEAK = YES;
				CLANG_WARN_BLOCK_CAPTURE_AUTORELEASING = YES;
				CLANG_WARN_BOOL_CONVERSION = YES;
				CLANG_WARN_COMMA = YES;
				CLANG_WARN_CONSTANT_CONVERSION = YES;
				CLANG_WARN_DEPRECATED_OBJC_IMPLEMENTATIONS = YES;
				CLANG_WARN_DIRECT_OBJC_ISA_USAGE = YES_ERROR;
				CLANG_WARN_DOCUMENTATION_COMMENTS = YES;
				CLANG_WARN_EMPTY_BODY = YES;
				CLANG_WARN_ENUM_CONVERSION = YES;
				CLANG_WARN_INFINITE_RECURSION = YES;
				CLANG_WARN_INT_CONVERSION = YES;
				CLANG_WARN_NON_LITERAL_NULL_CONVERSION = YES;
				CLANG_WARN_OBJC_IMPLICIT_RETAIN_SELF = YES;
				CLANG_WARN_OBJC_LITERAL_CONVERSION = YES;
				CLANG_WARN_OBJC_ROOT_CLASS = YES_ERROR;
				CLANG_WARN_QUOTED_INCLUDE_IN_FRAMEWORK_HEADER = YES;
				CLANG_WARN_RANGE_LOOP_ANALYSIS = YES;
				CLANG_WARN_STRICT_PROTOTYPES = YES;
				CLANG_WARN_SUSPICIOUS_MOVE = YES;
				CLANG_WARN_UNGUARDED_AVAILABILITY = YES_AGGRESSIVE;
				CLANG_WARN_UNREACHABLE_CODE = YES;
				CLANG_WARN__DUPLICATE_METHOD_MATCH = YES;
				COPY_PHASE_STRIP = NO;
				DEBUG_INFORMATION_FORMAT = dwarf;
				ENABLE_STRICT_OBJC_MSGSEND = YES;
				ENABLE_TESTABILITY = YES;
				GCC_C_LANGUAGE_STANDARD = gnu11;
				GCC_DYNAMIC_NO_PIC = NO;
				GCC_NO_COMMON_BLOCKS = YES;
				GCC_OPTIMIZATION_LEVEL = 0;
				GCC_PREPROCESSOR_DEFINITIONS = (
					"DEBUG=1",
					"$(inherited)",
				);
				GCC_WARN_64_TO_32_BIT_CONVERSION = YES;
				GCC_WARN_ABOUT_RETURN_TYPE = YES_ERROR;
				GCC_WARN_UNDECLARED_SELECTOR = YES;
				GCC_WARN_UNINITIALIZED_AUTOS = YES_AGGRESSIVE;
				GCC_WARN_UNUSED_FUNCTION = YES;
				GCC_WARN_UNUSED_VARIABLE = YES;
				IPHONEOS_DEPLOYMENT_TARGET = 12.0;
				MTL_ENABLE_DEBUG_INFO = INCLUDE_SOURCE;
				MTL_FAST_MATH = YES;
				ONLY_ACTIVE_ARCH = YES;
				SDKROOT = iphoneos;
			};
			name = Debug;
		};
		B9DC3E0E27EFBD2F0084DAA4 /* Release */ = {
			isa = XCBuildConfiguration;
			buildSettings = {
				ALWAYS_SEARCH_USER_PATHS = NO;
				ARCHS = "$(ARCHS_STANDARD_64_BIT)";
				CLANG_ANALYZER_NONNULL = YES;
				CLANG_ANALYZER_NUMBER_OBJECT_CONVERSION = YES_AGGRESSIVE;
				CLANG_CXX_LANGUAGE_STANDARD = "gnu++17";
				CLANG_CXX_LIBRARY = "libc++";
				CLANG_ENABLE_MODULES = YES;
				CLANG_ENABLE_OBJC_ARC = YES;
				CLANG_ENABLE_OBJC_WEAK = YES;
				CLANG_WARN_BLOCK_CAPTURE_AUTORELEASING = YES;
				CLANG_WARN_BOOL_CONVERSION = YES;
				CLANG_WARN_COMMA = YES;
				CLANG_WARN_CONSTANT_CONVERSION = YES;
				CLANG_WARN_DEPRECATED_OBJC_IMPLEMENTATIONS = YES;
				CLANG_WARN_DIRECT_OBJC_ISA_USAGE = YES_ERROR;
				CLANG_WARN_DOCUMENTATION_COMMENTS = YES;
				CLANG_WARN_EMPTY_BODY = YES;
				CLANG_WARN_ENUM_CONVERSION = YES;
				CLANG_WARN_INFINITE_RECURSION = YES;
				CLANG_WARN_INT_CONVERSION = YES;
				CLANG_WARN_NON_LITERAL_NULL_CONVERSION = YES;
				CLANG_WARN_OBJC_IMPLICIT_RETAIN_SELF = YES;
				CLANG_WARN_OBJC_LITERAL_CONVERSION = YES;
				CLANG_WARN_OBJC_ROOT_CLASS = YES_ERROR;
				CLANG_WARN_QUOTED_INCLUDE_IN_FRAMEWORK_HEADER = YES;
				CLANG_WARN_RANGE_LOOP_ANALYSIS = YES;
				CLANG_WARN_STRICT_PROTOTYPES = YES;
				CLANG_WARN_SUSPICIOUS_MOVE = YES;
				CLANG_WARN_UNGUARDED_AVAILABILITY = YES_AGGRESSIVE;
				CLANG_WARN_UNREACHABLE_CODE = YES;
				CLANG_WARN__DUPLICATE_METHOD_MATCH = YES;
				COPY_PHASE_STRIP = NO;
				DEBUG_INFORMATION_FORMAT = "dwarf-with-dsym";
				ENABLE_NS_ASSERTIONS = NO;
				ENABLE_STRICT_OBJC_MSGSEND = YES;
				GCC_C_LANGUAGE_STANDARD = gnu11;
				GCC_NO_COMMON_BLOCKS = YES;
				GCC_WARN_64_TO_32_BIT_CONVERSION = YES;
				GCC_WARN_ABOUT_RETURN_TYPE = YES_ERROR;
				GCC_WARN_UNDECLARED_SELECTOR = YES;
				GCC_WARN_UNINITIALIZED_AUTOS = YES_AGGRESSIVE;
				GCC_WARN_UNUSED_FUNCTION = YES;
				GCC_WARN_UNUSED_VARIABLE = YES;
				IPHONEOS_DEPLOYMENT_TARGET = 12.0;
				MTL_ENABLE_DEBUG_INFO = NO;
				MTL_FAST_MATH = YES;
				SDKROOT = iphoneos;
				VALIDATE_PRODUCT = YES;
			};
			name = Release;
		};
		B9DC3E1027EFBD2F0084DAA4 /* Debug */ = {
			isa = XCBuildConfiguration;
			buildSettings = {
				ASSETCATALOG_COMPILER_APPICON_NAME = AppIcon;
				ASSETCATALOG_COMPILER_GLOBAL_ACCENT_COLOR_NAME = AccentColor;
				CODE_SIGN_STYLE = Automatic;
				CURRENT_PROJECT_VERSION = 1;
				DEVELOPMENT_TEAM = 46669ZA7J4;
				GENERATE_INFOPLIST_FILE = YES;
				INFOPLIST_FILE = DolphiniOS/Info.plist;
				INFOPLIST_KEY_UIApplicationSupportsIndirectInputEvents = YES;
				INFOPLIST_KEY_UILaunchStoryboardName = LaunchScreen;
				INFOPLIST_KEY_UIMainStoryboardFile = Main;
				INFOPLIST_KEY_UISupportedInterfaceOrientations_iPad = "UIInterfaceOrientationPortrait UIInterfaceOrientationPortraitUpsideDown UIInterfaceOrientationLandscapeLeft UIInterfaceOrientationLandscapeRight";
				INFOPLIST_KEY_UISupportedInterfaceOrientations_iPhone = "UIInterfaceOrientationPortrait UIInterfaceOrientationLandscapeLeft UIInterfaceOrientationLandscapeRight";
				IPHONEOS_DEPLOYMENT_TARGET = 12.0;
				LD_RUNPATH_SEARCH_PATHS = (
					"$(inherited)",
					"@executable_path/Frameworks",
				);
				MARKETING_VERSION = 1.0;
				PRODUCT_BUNDLE_IDENTIFIER = me.oatmealdome.DolphiniOS;
				PRODUCT_NAME = "$(TARGET_NAME)";
				SWIFT_EMIT_LOC_STRINGS = YES;
				TARGETED_DEVICE_FAMILY = "1,2";
			};
			name = Debug;
		};
		B9DC3E1127EFBD2F0084DAA4 /* Release */ = {
			isa = XCBuildConfiguration;
			buildSettings = {
				ASSETCATALOG_COMPILER_APPICON_NAME = AppIcon;
				ASSETCATALOG_COMPILER_GLOBAL_ACCENT_COLOR_NAME = AccentColor;
				CODE_SIGN_STYLE = Automatic;
				CURRENT_PROJECT_VERSION = 1;
				DEVELOPMENT_TEAM = 46669ZA7J4;
				GENERATE_INFOPLIST_FILE = YES;
				INFOPLIST_FILE = DolphiniOS/Info.plist;
				INFOPLIST_KEY_UIApplicationSupportsIndirectInputEvents = YES;
				INFOPLIST_KEY_UILaunchStoryboardName = LaunchScreen;
				INFOPLIST_KEY_UIMainStoryboardFile = Main;
				INFOPLIST_KEY_UISupportedInterfaceOrientations_iPad = "UIInterfaceOrientationPortrait UIInterfaceOrientationPortraitUpsideDown UIInterfaceOrientationLandscapeLeft UIInterfaceOrientationLandscapeRight";
				INFOPLIST_KEY_UISupportedInterfaceOrientations_iPhone = "UIInterfaceOrientationPortrait UIInterfaceOrientationLandscapeLeft UIInterfaceOrientationLandscapeRight";
				IPHONEOS_DEPLOYMENT_TARGET = 12.0;
				LD_RUNPATH_SEARCH_PATHS = (
					"$(inherited)",
					"@executable_path/Frameworks",
				);
				MARKETING_VERSION = 1.0;
				PRODUCT_BUNDLE_IDENTIFIER = me.oatmealdome.DolphiniOS;
				PRODUCT_NAME = "$(TARGET_NAME)";
				SWIFT_EMIT_LOC_STRINGS = YES;
				TARGETED_DEVICE_FAMILY = "1,2";
			};
			name = Release;
		};
/* End XCBuildConfiguration section */

/* Begin XCConfigurationList section */
		B9DC3DF127EFBD2C0084DAA4 /* Build configuration list for PBXProject "DolphiniOS" */ = {
			isa = XCConfigurationList;
			buildConfigurations = (
				B9DC3E0D27EFBD2F0084DAA4 /* Debug */,
				B9DC3E0E27EFBD2F0084DAA4 /* Release */,
			);
			defaultConfigurationIsVisible = 0;
			defaultConfigurationName = Release;
		};
		B9DC3E0F27EFBD2F0084DAA4 /* Build configuration list for PBXNativeTarget "DolphiniOS" */ = {
			isa = XCConfigurationList;
			buildConfigurations = (
				B9DC3E1027EFBD2F0084DAA4 /* Debug */,
				B9DC3E1127EFBD2F0084DAA4 /* Release */,
			);
			defaultConfigurationIsVisible = 0;
			defaultConfigurationName = Release;
		};
/* End XCConfigurationList section */
	};
	rootObject = B9DC3DEE27EFBD2C0084DAA4 /* Project object */;
}
