// !$*UTF8*$!
{
	archiveVersion = 1;
	classes = {
	};
	objectVersion = 55;
	objects = {

/* Begin PBXBuildFile section */
		B900A7A127F255EF000361DD /* libdolphin.dylib in CopyFiles */ = {isa = PBXBuildFile; fileRef = B9476B2427F23FFE009C0A4B /* libdolphin.dylib */; platformFilter = ios; settings = {ATTRIBUTES = (CodeSignOnCopy, ); }; };
		B900A7A727F26F61000361DD /* AppDelegate.swift in Sources */ = {isa = PBXBuildFile; fileRef = B900A7A627F26F61000361DD /* AppDelegate.swift */; };
		B900A7AE27F27F36000361DD /* DolphinCoreService.mm in Sources */ = {isa = PBXBuildFile; fileRef = B900A7AD27F27F36000361DD /* DolphinCoreService.mm */; };
		B900A7B027F2866D000361DD /* UserFolderUtil.swift in Sources */ = {isa = PBXBuildFile; fileRef = B900A7AF27F2866D000361DD /* UserFolderUtil.swift */; };
		B900A7B527F2D3C0000361DD /* MoltenVK.xcframework in Frameworks */ = {isa = PBXBuildFile; fileRef = B900A7B327F2D3AF000361DD /* MoltenVK.xcframework */; };
		B900A7B627F2D3C4000361DD /* MoltenVK.xcframework in CopyFiles */ = {isa = PBXBuildFile; fileRef = B900A7B327F2D3AF000361DD /* MoltenVK.xcframework */; settings = {ATTRIBUTES = (CodeSignOnCopy, RemoveHeadersOnCopy, ); }; };
		B900A7BA27F4CB80000361DD /* DefaultsInitService.swift in Sources */ = {isa = PBXBuildFile; fileRef = B900A7B927F4CB80000361DD /* DefaultsInitService.swift */; };
		B900A7BD27F4CDD3000361DD /* SwiftStringUtil.swift in Sources */ = {isa = PBXBuildFile; fileRef = B900A7BC27F4CDD3000361DD /* SwiftStringUtil.swift */; };
		B900A7CA27F4DA97000361DD /* SoftwareListViewController.mm in Sources */ = {isa = PBXBuildFile; fileRef = B900A7C927F4DA97000361DD /* SoftwareListViewController.mm */; };
		B900A7CF27F4DB9A000361DD /* SoftwareListCell.swift in Sources */ = {isa = PBXBuildFile; fileRef = B900A7CE27F4DB9A000361DD /* SoftwareListCell.swift */; };
		B900A7D227F5228B000361DD /* UICollectionViewLeftAlignedLayout in Frameworks */ = {isa = PBXBuildFile; productRef = B900A7D127F5228B000361DD /* UICollectionViewLeftAlignedLayout */; };
		B900A7D527F61F3A000361DD /* GameFileCacheManager.mm in Sources */ = {isa = PBXBuildFile; fileRef = B900A7D427F61F3A000361DD /* GameFileCacheManager.mm */; };
		B904ACBE28851C5C008B6BE9 /* GraphicsBackendCell.m in Sources */ = {isa = PBXBuildFile; fileRef = B904ACBD28851C5C008B6BE9 /* GraphicsBackendCell.m */; };
		B904ACC128851C6F008B6BE9 /* GraphicsBackendViewController.mm in Sources */ = {isa = PBXBuildFile; fileRef = B904ACC028851C6F008B6BE9 /* GraphicsBackendViewController.mm */; };
		B904ACC4288524D9008B6BE9 /* GraphicsAspectRatioViewController.mm in Sources */ = {isa = PBXBuildFile; fileRef = B904ACC3288524D9008B6BE9 /* GraphicsAspectRatioViewController.mm */; };
		B904ACC728852708008B6BE9 /* GraphicsShaderModeViewController.mm in Sources */ = {isa = PBXBuildFile; fileRef = B904ACC628852708008B6BE9 /* GraphicsShaderModeViewController.mm */; };
		B904ACCB28854782008B6BE9 /* GraphicsEnhancementsViewController.mm in Sources */ = {isa = PBXBuildFile; fileRef = B904ACCA28854782008B6BE9 /* GraphicsEnhancementsViewController.mm */; };
		B904ACCF288555E8008B6BE9 /* InternalResolutionViewController.mm in Sources */ = {isa = PBXBuildFile; fileRef = B904ACCE288555E8008B6BE9 /* InternalResolutionViewController.mm */; };
		B904ACD22885561E008B6BE9 /* InternalResolutionCell.m in Sources */ = {isa = PBXBuildFile; fileRef = B904ACD12885561E008B6BE9 /* InternalResolutionCell.m */; };
		B904ACD52885D2C4008B6BE9 /* AnisotropicFilteringViewController.mm in Sources */ = {isa = PBXBuildFile; fileRef = B904ACD42885D2C4008B6BE9 /* AnisotropicFilteringViewController.mm */; };
		B904ACD92885E7DE008B6BE9 /* GraphicsHacksViewController.mm in Sources */ = {isa = PBXBuildFile; fileRef = B904ACD82885E7DE008B6BE9 /* GraphicsHacksViewController.mm */; };
		B904ACDD28862941008B6BE9 /* GraphicsAdvancedViewController.mm in Sources */ = {isa = PBXBuildFile; fileRef = B904ACDC28862941008B6BE9 /* GraphicsAdvancedViewController.mm */; };
		B904ACDE28863119008B6BE9 /* GraphicsSettings.storyboard in Resources */ = {isa = PBXBuildFile; fileRef = B904ACE028863119008B6BE9 /* GraphicsSettings.storyboard */; };
		B904ACE828866E2D008B6BE9 /* ControllersSettings.storyboard in Resources */ = {isa = PBXBuildFile; fileRef = B904ACE728866E2D008B6BE9 /* ControllersSettings.storyboard */; };
		B904ACEB28866FF4008B6BE9 /* ControllersRootViewController.mm in Sources */ = {isa = PBXBuildFile; fileRef = B904ACEA28866FF4008B6BE9 /* ControllersRootViewController.mm */; };
		B904ACEE2886701C008B6BE9 /* ControllerPortCell.m in Sources */ = {isa = PBXBuildFile; fileRef = B904ACED2886701C008B6BE9 /* ControllerPortCell.m */; };
		B904ACF128868E4B008B6BE9 /* ControllersSettingsUtil.mm in Sources */ = {isa = PBXBuildFile; fileRef = B904ACF028868E4B008B6BE9 /* ControllersSettingsUtil.mm */; };
		B933EDBE27F6A7BF004D7DD7 /* GameFileCacheService.swift in Sources */ = {isa = PBXBuildFile; fileRef = B933EDBD27F6A7BF004D7DD7 /* GameFileCacheService.swift */; };
		B933EDC127F77D1E004D7DD7 /* GameFilePtrWrapper.mm in Sources */ = {isa = PBXBuildFile; fileRef = B933EDC027F77D1E004D7DD7 /* GameFilePtrWrapper.mm */; };
		B933EDC327F8E215004D7DD7 /* Assets.xcassets in Resources */ = {isa = PBXBuildFile; fileRef = B933EDC227F8E215004D7DD7 /* Assets.xcassets */; };
		B93986FB287F45A3008E8E47 /* SettingsRootViewController.swift in Sources */ = {isa = PBXBuildFile; fileRef = B93986FA287F45A3008E8E47 /* SettingsRootViewController.swift */; };
		B9398707287F998C008E8E47 /* ConfigGeneralViewController.mm in Sources */ = {isa = PBXBuildFile; fileRef = B9398706287F998C008E8E47 /* ConfigGeneralViewController.mm */; };
		B939870A287FBB08008E8E47 /* SpeedLimitViewController.mm in Sources */ = {isa = PBXBuildFile; fileRef = B9398709287FBB08008E8E47 /* SpeedLimitViewController.mm */; };
		B9398710287FBB80008E8E47 /* SpeedLimitCell.m in Sources */ = {isa = PBXBuildFile; fileRef = B939870F287FBB80008E8E47 /* SpeedLimitCell.m */; };
		B9398713287FDF23008E8E47 /* FallbackRegionViewController.mm in Sources */ = {isa = PBXBuildFile; fileRef = B9398712287FDF23008E8E47 /* FallbackRegionViewController.mm */; };
		B9398716287FE28F008E8E47 /* FallbackRegionCell.m in Sources */ = {isa = PBXBuildFile; fileRef = B9398715287FE28F008E8E47 /* FallbackRegionCell.m */; };
		B939871A287FF135008E8E47 /* ConfigInterfaceViewController.mm in Sources */ = {isa = PBXBuildFile; fileRef = B9398719287FF135008E8E47 /* ConfigInterfaceViewController.mm */; };
		B9398724287FFBEC008E8E47 /* ConfigSoundViewController.mm in Sources */ = {isa = PBXBuildFile; fileRef = B9398723287FFBEC008E8E47 /* ConfigSoundViewController.mm */; };
		B9398727288009D0008E8E47 /* AudioBackendViewController.mm in Sources */ = {isa = PBXBuildFile; fileRef = B9398726288009D0008E8E47 /* AudioBackendViewController.mm */; };
		B939872A28800BA2008E8E47 /* AudioBackendCell.m in Sources */ = {isa = PBXBuildFile; fileRef = B939872928800BA2008E8E47 /* AudioBackendCell.m */; };
		B939872E2880896D008E8E47 /* ConfigGameCubeViewController.mm in Sources */ = {isa = PBXBuildFile; fileRef = B939872D2880896D008E8E47 /* ConfigGameCubeViewController.mm */; };
		B9447AFD28418D7600BC9110 /* TCButton.swift in Sources */ = {isa = PBXBuildFile; fileRef = B9447AFC28418D7600BC9110 /* TCButton.swift */; };
		B9447AFF28418EA100BC9110 /* TCDirectionalPad.swift in Sources */ = {isa = PBXBuildFile; fileRef = B9447AFE28418EA100BC9110 /* TCDirectionalPad.swift */; };
		B9447B0128418F2600BC9110 /* TCJoystick.swift in Sources */ = {isa = PBXBuildFile; fileRef = B9447B0028418F2600BC9110 /* TCJoystick.swift */; };
		B9447B042841901200BC9110 /* TCGameCubePad.xib in Resources */ = {isa = PBXBuildFile; fileRef = B9447B022841901200BC9110 /* TCGameCubePad.xib */; };
		B9447B052841901200BC9110 /* TCGameCubePad.swift in Sources */ = {isa = PBXBuildFile; fileRef = B9447B032841901200BC9110 /* TCGameCubePad.swift */; };
		B9447B072841906000BC9110 /* TCView.swift in Sources */ = {isa = PBXBuildFile; fileRef = B9447B062841906000BC9110 /* TCView.swift */; };
		B9447B09284192FA00BC9110 /* DolphinAssets.xcassets in Resources */ = {isa = PBXBuildFile; fileRef = B9447B08284192FA00BC9110 /* DolphinAssets.xcassets */; };
		B9476B2527F23FFE009C0A4B /* libdolphin.dylib in Frameworks */ = {isa = PBXBuildFile; fileRef = B9476B2427F23FFE009C0A4B /* libdolphin.dylib */; platformFilter = ios; };
		B950CA942846A13100F45219 /* Sys in Resources */ = {isa = PBXBuildFile; fileRef = B950CA932846A13100F45219 /* Sys */; };
		B991377C28808D9000588446 /* GameCubeSystemLanguageViewController.mm in Sources */ = {isa = PBXBuildFile; fileRef = B991377B28808D8F00588446 /* GameCubeSystemLanguageViewController.mm */; };
		B9913781288096A300588446 /* ConfigWiiViewController.mm in Sources */ = {isa = PBXBuildFile; fileRef = B9913780288096A300588446 /* ConfigWiiViewController.mm */; };
		B9913785288146D700588446 /* WiiAspectRatioViewController.mm in Sources */ = {isa = PBXBuildFile; fileRef = B9913784288146D700588446 /* WiiAspectRatioViewController.mm */; };
		B99137882881486200588446 /* WiiSystemLanguageViewController.mm in Sources */ = {isa = PBXBuildFile; fileRef = B99137872881486200588446 /* WiiSystemLanguageViewController.mm */; };
		B991378B288149F100588446 /* WiiSoundViewController.mm in Sources */ = {isa = PBXBuildFile; fileRef = B991378A288149F100588446 /* WiiSoundViewController.mm */; };
		B991378E28814BCD00588446 /* WiiSensorBarViewController.mm in Sources */ = {isa = PBXBuildFile; fileRef = B991378D28814BCD00588446 /* WiiSensorBarViewController.mm */; };
		B9913792288153D000588446 /* ConfigAdvancedViewController.mm in Sources */ = {isa = PBXBuildFile; fileRef = B9913791288153D000588446 /* ConfigAdvancedViewController.mm */; };
		B99137952881D62C00588446 /* CpuEngineCell.m in Sources */ = {isa = PBXBuildFile; fileRef = B99137942881D62C00588446 /* CpuEngineCell.m */; };
		B99137982881D68600588446 /* CpuEngineViewController.mm in Sources */ = {isa = PBXBuildFile; fileRef = B99137972881D68600588446 /* CpuEngineViewController.mm */; };
		B991379E2881F23A00588446 /* Core.strings in Resources */ = {isa = PBXBuildFile; fileRef = B99137A02881F23A00588446 /* Core.strings */; };
		B99137AC28827AD200588446 /* SettingsRoot.storyboard in Resources */ = {isa = PBXBuildFile; fileRef = B99137AE28827AD200588446 /* SettingsRoot.storyboard */; };
		B99137B52882A58000588446 /* SoftwareList.storyboard in Resources */ = {isa = PBXBuildFile; fileRef = B99137B72882A58000588446 /* SoftwareList.storyboard */; };
		B99137BF288327AC00588446 /* ConfigSettings.storyboard in Resources */ = {isa = PBXBuildFile; fileRef = B99137C1288327AC00588446 /* ConfigSettings.storyboard */; };
		B99137C928832A0800588446 /* LocalizationUtil.m in Sources */ = {isa = PBXBuildFile; fileRef = B99137C828832A0800588446 /* LocalizationUtil.m */; };
		B9D9388C283DD86100B290FC /* EmulationBootParameter.mm in Sources */ = {isa = PBXBuildFile; fileRef = B9D9388B283DD86100B290FC /* EmulationBootParameter.mm */; };
		B9D9388F283DE3C800B290FC /* EmulationViewController.mm in Sources */ = {isa = PBXBuildFile; fileRef = B9D9388E283DE3C800B290FC /* EmulationViewController.mm */; };
		B9D93892283DE63800B290FC /* Emulation.storyboard in Resources */ = {isa = PBXBuildFile; fileRef = B9D93891283DE63800B290FC /* Emulation.storyboard */; };
		B9D93897283ECE1100B290FC /* DOLUIKitSwitch.m in Sources */ = {isa = PBXBuildFile; fileRef = B9D93896283ECE1100B290FC /* DOLUIKitSwitch.m */; };
		B9D9389E283EF7AD00B290FC /* MetalKit.framework in Frameworks */ = {isa = PBXBuildFile; fileRef = B9D9389D283EF7AD00B290FC /* MetalKit.framework */; };
		B9D938A1283F23A000B290FC /* TCButtonType.swift in Sources */ = {isa = PBXBuildFile; fileRef = B9D938A0283F239F00B290FC /* TCButtonType.swift */; };
		B9D938A728418AFE00B290FC /* TCManagerInterface.mm in Sources */ = {isa = PBXBuildFile; fileRef = B9D938A628418AFD00B290FC /* TCManagerInterface.mm */; };
		B9DC3E0427EFBD2D0084DAA4 /* Main.storyboard in Resources */ = {isa = PBXBuildFile; fileRef = B9DC3E0227EFBD2D0084DAA4 /* Main.storyboard */; };
		B9DC3E0627EFBD2F0084DAA4 /* Assets.xcassets in Resources */ = {isa = PBXBuildFile; fileRef = B9DC3E0527EFBD2F0084DAA4 /* Assets.xcassets */; };
		B9DC3E0927EFBD2F0084DAA4 /* LaunchScreen.storyboard in Resources */ = {isa = PBXBuildFile; fileRef = B9DC3E0727EFBD2F0084DAA4 /* LaunchScreen.storyboard */; };
		B9DC5FAB28849535004BD94A /* GraphicsRootViewController.mm in Sources */ = {isa = PBXBuildFile; fileRef = B9DC5FAA28849535004BD94A /* GraphicsRootViewController.mm */; };
		B9DC5FAF28849640004BD94A /* GraphicsTabViewController.m in Sources */ = {isa = PBXBuildFile; fileRef = B9DC5FAE28849640004BD94A /* GraphicsTabViewController.m */; };
		B9DC5FB3288497B0004BD94A /* GraphicsGeneralViewController.mm in Sources */ = {isa = PBXBuildFile; fileRef = B9DC5FB2288497B0004BD94A /* GraphicsGeneralViewController.mm */; };
		B9DC5FB62884A563004BD94A /* GraphicsBoolCell.mm in Sources */ = {isa = PBXBuildFile; fileRef = B9DC5FB52884A563004BD94A /* GraphicsBoolCell.mm */; };
		B9DC5FB92884CB7C004BD94A /* GraphicsChoiceCell.mm in Sources */ = {isa = PBXBuildFile; fileRef = B9DC5FB82884CB7C004BD94A /* GraphicsChoiceCell.mm */; };
/* End PBXBuildFile section */

/* Begin PBXCopyFilesBuildPhase section */
		B900A7A027F255E0000361DD /* CopyFiles */ = {
			isa = PBXCopyFilesBuildPhase;
			buildActionMask = 2147483647;
			dstPath = "";
			dstSubfolderSpec = 10;
			files = (
				B900A7A127F255EF000361DD /* libdolphin.dylib in CopyFiles */,
				B900A7B627F2D3C4000361DD /* MoltenVK.xcframework in CopyFiles */,
			);
			runOnlyForDeploymentPostprocessing = 0;
		};
/* End PBXCopyFilesBuildPhase section */

/* Begin PBXFileReference section */
		B900A7A227F25718000361DD /* Common.xcconfig */ = {isa = PBXFileReference; lastKnownFileType = text.xcconfig; path = Common.xcconfig; sourceTree = "<group>"; };
		B900A7A627F26F61000361DD /* AppDelegate.swift */ = {isa = PBXFileReference; lastKnownFileType = sourcecode.swift; path = AppDelegate.swift; sourceTree = "<group>"; };
		B900A7AC27F27F36000361DD /* DolphinCoreService.h */ = {isa = PBXFileReference; lastKnownFileType = sourcecode.c.h; path = DolphinCoreService.h; sourceTree = "<group>"; };
		B900A7AD27F27F36000361DD /* DolphinCoreService.mm */ = {isa = PBXFileReference; lastKnownFileType = sourcecode.cpp.objcpp; path = DolphinCoreService.mm; sourceTree = "<group>"; };
		B900A7AF27F2866D000361DD /* UserFolderUtil.swift */ = {isa = PBXFileReference; lastKnownFileType = sourcecode.swift; path = UserFolderUtil.swift; sourceTree = "<group>"; };
		B900A7B127F28806000361DD /* FoundationStringUtil.h */ = {isa = PBXFileReference; lastKnownFileType = sourcecode.c.h; path = FoundationStringUtil.h; sourceTree = "<group>"; };
		B900A7B227F2CF8A000361DD /* BridgingHeader.h */ = {isa = PBXFileReference; lastKnownFileType = sourcecode.c.h; path = BridgingHeader.h; sourceTree = "<group>"; };
		B900A7B327F2D3AF000361DD /* MoltenVK.xcframework */ = {isa = PBXFileReference; lastKnownFileType = wrapper.xcframework; name = MoltenVK.xcframework; path = "../../../Externals/MoltenVK-iOS/MoltenVK.xcframework"; sourceTree = SOURCE_ROOT; };
		B900A7B927F4CB80000361DD /* DefaultsInitService.swift */ = {isa = PBXFileReference; lastKnownFileType = sourcecode.swift; path = DefaultsInitService.swift; sourceTree = "<group>"; };
		B900A7BC27F4CDD3000361DD /* SwiftStringUtil.swift */ = {isa = PBXFileReference; lastKnownFileType = sourcecode.swift; path = SwiftStringUtil.swift; sourceTree = "<group>"; };
		B900A7C827F4DA97000361DD /* SoftwareListViewController.h */ = {isa = PBXFileReference; lastKnownFileType = sourcecode.c.h; path = SoftwareListViewController.h; sourceTree = "<group>"; };
		B900A7C927F4DA97000361DD /* SoftwareListViewController.mm */ = {isa = PBXFileReference; lastKnownFileType = sourcecode.cpp.objcpp; path = SoftwareListViewController.mm; sourceTree = "<group>"; };
		B900A7CE27F4DB9A000361DD /* SoftwareListCell.swift */ = {isa = PBXFileReference; lastKnownFileType = sourcecode.swift; path = SoftwareListCell.swift; sourceTree = "<group>"; };
		B900A7D327F61F3A000361DD /* GameFileCacheManager.h */ = {isa = PBXFileReference; lastKnownFileType = sourcecode.c.h; path = GameFileCacheManager.h; sourceTree = "<group>"; };
		B900A7D427F61F3A000361DD /* GameFileCacheManager.mm */ = {isa = PBXFileReference; lastKnownFileType = sourcecode.cpp.objcpp; path = GameFileCacheManager.mm; sourceTree = "<group>"; };
		B904ACBC28851C5C008B6BE9 /* GraphicsBackendCell.h */ = {isa = PBXFileReference; lastKnownFileType = sourcecode.c.h; path = GraphicsBackendCell.h; sourceTree = "<group>"; };
		B904ACBD28851C5C008B6BE9 /* GraphicsBackendCell.m */ = {isa = PBXFileReference; lastKnownFileType = sourcecode.c.objc; path = GraphicsBackendCell.m; sourceTree = "<group>"; };
		B904ACBF28851C6F008B6BE9 /* GraphicsBackendViewController.h */ = {isa = PBXFileReference; lastKnownFileType = sourcecode.c.h; path = GraphicsBackendViewController.h; sourceTree = "<group>"; };
		B904ACC028851C6F008B6BE9 /* GraphicsBackendViewController.mm */ = {isa = PBXFileReference; lastKnownFileType = sourcecode.cpp.objcpp; path = GraphicsBackendViewController.mm; sourceTree = "<group>"; };
		B904ACC2288524D9008B6BE9 /* GraphicsAspectRatioViewController.h */ = {isa = PBXFileReference; lastKnownFileType = sourcecode.c.h; path = GraphicsAspectRatioViewController.h; sourceTree = "<group>"; };
		B904ACC3288524D9008B6BE9 /* GraphicsAspectRatioViewController.mm */ = {isa = PBXFileReference; lastKnownFileType = sourcecode.cpp.objcpp; path = GraphicsAspectRatioViewController.mm; sourceTree = "<group>"; };
		B904ACC528852708008B6BE9 /* GraphicsShaderModeViewController.h */ = {isa = PBXFileReference; lastKnownFileType = sourcecode.c.h; path = GraphicsShaderModeViewController.h; sourceTree = "<group>"; };
		B904ACC628852708008B6BE9 /* GraphicsShaderModeViewController.mm */ = {isa = PBXFileReference; lastKnownFileType = sourcecode.cpp.objcpp; path = GraphicsShaderModeViewController.mm; sourceTree = "<group>"; };
		B904ACC928854782008B6BE9 /* GraphicsEnhancementsViewController.h */ = {isa = PBXFileReference; lastKnownFileType = sourcecode.c.h; path = GraphicsEnhancementsViewController.h; sourceTree = "<group>"; };
		B904ACCA28854782008B6BE9 /* GraphicsEnhancementsViewController.mm */ = {isa = PBXFileReference; lastKnownFileType = sourcecode.cpp.objcpp; path = GraphicsEnhancementsViewController.mm; sourceTree = "<group>"; };
		B904ACCD288555E8008B6BE9 /* InternalResolutionViewController.h */ = {isa = PBXFileReference; lastKnownFileType = sourcecode.c.h; path = InternalResolutionViewController.h; sourceTree = "<group>"; };
		B904ACCE288555E8008B6BE9 /* InternalResolutionViewController.mm */ = {isa = PBXFileReference; lastKnownFileType = sourcecode.cpp.objcpp; path = InternalResolutionViewController.mm; sourceTree = "<group>"; };
		B904ACD02885561E008B6BE9 /* InternalResolutionCell.h */ = {isa = PBXFileReference; lastKnownFileType = sourcecode.c.h; path = InternalResolutionCell.h; sourceTree = "<group>"; };
		B904ACD12885561E008B6BE9 /* InternalResolutionCell.m */ = {isa = PBXFileReference; lastKnownFileType = sourcecode.c.objc; path = InternalResolutionCell.m; sourceTree = "<group>"; };
		B904ACD32885D2C4008B6BE9 /* AnisotropicFilteringViewController.h */ = {isa = PBXFileReference; lastKnownFileType = sourcecode.c.h; path = AnisotropicFilteringViewController.h; sourceTree = "<group>"; };
		B904ACD42885D2C4008B6BE9 /* AnisotropicFilteringViewController.mm */ = {isa = PBXFileReference; lastKnownFileType = sourcecode.cpp.objcpp; path = AnisotropicFilteringViewController.mm; sourceTree = "<group>"; };
		B904ACD72885E7DE008B6BE9 /* GraphicsHacksViewController.h */ = {isa = PBXFileReference; lastKnownFileType = sourcecode.c.h; path = GraphicsHacksViewController.h; sourceTree = "<group>"; };
		B904ACD82885E7DE008B6BE9 /* GraphicsHacksViewController.mm */ = {isa = PBXFileReference; lastKnownFileType = sourcecode.cpp.objcpp; path = GraphicsHacksViewController.mm; sourceTree = "<group>"; };
		B904ACDB28862941008B6BE9 /* GraphicsAdvancedViewController.h */ = {isa = PBXFileReference; lastKnownFileType = sourcecode.c.h; path = GraphicsAdvancedViewController.h; sourceTree = "<group>"; };
		B904ACDC28862941008B6BE9 /* GraphicsAdvancedViewController.mm */ = {isa = PBXFileReference; lastKnownFileType = sourcecode.cpp.objcpp; path = GraphicsAdvancedViewController.mm; sourceTree = "<group>"; };
		B904ACDF28863119008B6BE9 /* Base */ = {isa = PBXFileReference; lastKnownFileType = file.storyboard; name = Base; path = Base.lproj/GraphicsSettings.storyboard; sourceTree = "<group>"; };
		B904ACE228863123008B6BE9 /* en */ = {isa = PBXFileReference; lastKnownFileType = text.plist.strings; name = en; path = en.lproj/GraphicsSettings.strings; sourceTree = "<group>"; };
		B904ACE42886312D008B6BE9 /* ja */ = {isa = PBXFileReference; lastKnownFileType = text.plist.strings; name = ja; path = ja.lproj/GraphicsSettings.strings; sourceTree = "<group>"; };
		B904ACE728866E2D008B6BE9 /* ControllersSettings.storyboard */ = {isa = PBXFileReference; lastKnownFileType = file.storyboard; path = ControllersSettings.storyboard; sourceTree = "<group>"; };
		B904ACE928866FF4008B6BE9 /* ControllersRootViewController.h */ = {isa = PBXFileReference; lastKnownFileType = sourcecode.c.h; path = ControllersRootViewController.h; sourceTree = "<group>"; };
		B904ACEA28866FF4008B6BE9 /* ControllersRootViewController.mm */ = {isa = PBXFileReference; lastKnownFileType = sourcecode.cpp.objcpp; path = ControllersRootViewController.mm; sourceTree = "<group>"; };
		B904ACEC2886701C008B6BE9 /* ControllerPortCell.h */ = {isa = PBXFileReference; lastKnownFileType = sourcecode.c.h; path = ControllerPortCell.h; sourceTree = "<group>"; };
		B904ACED2886701C008B6BE9 /* ControllerPortCell.m */ = {isa = PBXFileReference; lastKnownFileType = sourcecode.c.objc; path = ControllerPortCell.m; sourceTree = "<group>"; };
		B904ACEF28868E4B008B6BE9 /* ControllersSettingsUtil.h */ = {isa = PBXFileReference; lastKnownFileType = sourcecode.c.h; path = ControllersSettingsUtil.h; sourceTree = "<group>"; };
		B904ACF028868E4B008B6BE9 /* ControllersSettingsUtil.mm */ = {isa = PBXFileReference; lastKnownFileType = sourcecode.cpp.objcpp; path = ControllersSettingsUtil.mm; sourceTree = "<group>"; };
		B933EDBC27F6A61B004D7DD7 /* Swift.h */ = {isa = PBXFileReference; lastKnownFileType = sourcecode.c.h; path = Swift.h; sourceTree = "<group>"; };
		B933EDBD27F6A7BF004D7DD7 /* GameFileCacheService.swift */ = {isa = PBXFileReference; lastKnownFileType = sourcecode.swift; path = GameFileCacheService.swift; sourceTree = "<group>"; };
		B933EDBF27F77D1E004D7DD7 /* GameFilePtrWrapper.h */ = {isa = PBXFileReference; lastKnownFileType = sourcecode.c.h; path = GameFilePtrWrapper.h; sourceTree = "<group>"; };
		B933EDC027F77D1E004D7DD7 /* GameFilePtrWrapper.mm */ = {isa = PBXFileReference; lastKnownFileType = sourcecode.cpp.objcpp; path = GameFilePtrWrapper.mm; sourceTree = "<group>"; };
		B933EDC227F8E215004D7DD7 /* Assets.xcassets */ = {isa = PBXFileReference; lastKnownFileType = folder.assetcatalog; path = Assets.xcassets; sourceTree = "<group>"; };
		B93986FA287F45A3008E8E47 /* SettingsRootViewController.swift */ = {isa = PBXFileReference; lastKnownFileType = sourcecode.swift; path = SettingsRootViewController.swift; sourceTree = "<group>"; };
		B93986FC287F7C2F008E8E47 /* CoreVersion.xcconfig */ = {isa = PBXFileReference; lastKnownFileType = text.xcconfig; path = CoreVersion.xcconfig; sourceTree = "<group>"; };
		B9398705287F998C008E8E47 /* ConfigGeneralViewController.h */ = {isa = PBXFileReference; lastKnownFileType = sourcecode.c.h; path = ConfigGeneralViewController.h; sourceTree = "<group>"; };
		B9398706287F998C008E8E47 /* ConfigGeneralViewController.mm */ = {isa = PBXFileReference; lastKnownFileType = sourcecode.cpp.objcpp; path = ConfigGeneralViewController.mm; sourceTree = "<group>"; };
		B9398708287FBB08008E8E47 /* SpeedLimitViewController.h */ = {isa = PBXFileReference; lastKnownFileType = sourcecode.c.h; path = SpeedLimitViewController.h; sourceTree = "<group>"; };
		B9398709287FBB08008E8E47 /* SpeedLimitViewController.mm */ = {isa = PBXFileReference; lastKnownFileType = sourcecode.cpp.objcpp; path = SpeedLimitViewController.mm; sourceTree = "<group>"; };
		B939870E287FBB80008E8E47 /* SpeedLimitCell.h */ = {isa = PBXFileReference; lastKnownFileType = sourcecode.c.h; path = SpeedLimitCell.h; sourceTree = "<group>"; };
		B939870F287FBB80008E8E47 /* SpeedLimitCell.m */ = {isa = PBXFileReference; lastKnownFileType = sourcecode.c.objc; path = SpeedLimitCell.m; sourceTree = "<group>"; };
		B9398711287FDF23008E8E47 /* FallbackRegionViewController.h */ = {isa = PBXFileReference; lastKnownFileType = sourcecode.c.h; path = FallbackRegionViewController.h; sourceTree = "<group>"; };
		B9398712287FDF23008E8E47 /* FallbackRegionViewController.mm */ = {isa = PBXFileReference; lastKnownFileType = sourcecode.cpp.objcpp; path = FallbackRegionViewController.mm; sourceTree = "<group>"; };
		B9398714287FE28F008E8E47 /* FallbackRegionCell.h */ = {isa = PBXFileReference; lastKnownFileType = sourcecode.c.h; path = FallbackRegionCell.h; sourceTree = "<group>"; };
		B9398715287FE28F008E8E47 /* FallbackRegionCell.m */ = {isa = PBXFileReference; lastKnownFileType = sourcecode.c.objc; path = FallbackRegionCell.m; sourceTree = "<group>"; };
		B9398718287FF135008E8E47 /* ConfigInterfaceViewController.h */ = {isa = PBXFileReference; lastKnownFileType = sourcecode.c.h; path = ConfigInterfaceViewController.h; sourceTree = "<group>"; };
		B9398719287FF135008E8E47 /* ConfigInterfaceViewController.mm */ = {isa = PBXFileReference; lastKnownFileType = sourcecode.cpp.objcpp; path = ConfigInterfaceViewController.mm; sourceTree = "<group>"; };
		B9398722287FFBEC008E8E47 /* ConfigSoundViewController.h */ = {isa = PBXFileReference; lastKnownFileType = sourcecode.c.h; path = ConfigSoundViewController.h; sourceTree = "<group>"; };
		B9398723287FFBEC008E8E47 /* ConfigSoundViewController.mm */ = {isa = PBXFileReference; lastKnownFileType = sourcecode.cpp.objcpp; path = ConfigSoundViewController.mm; sourceTree = "<group>"; };
		B9398725288009D0008E8E47 /* AudioBackendViewController.h */ = {isa = PBXFileReference; lastKnownFileType = sourcecode.c.h; path = AudioBackendViewController.h; sourceTree = "<group>"; };
		B9398726288009D0008E8E47 /* AudioBackendViewController.mm */ = {isa = PBXFileReference; lastKnownFileType = sourcecode.cpp.objcpp; path = AudioBackendViewController.mm; sourceTree = "<group>"; };
		B939872828800BA2008E8E47 /* AudioBackendCell.h */ = {isa = PBXFileReference; lastKnownFileType = sourcecode.c.h; path = AudioBackendCell.h; sourceTree = "<group>"; };
		B939872928800BA2008E8E47 /* AudioBackendCell.m */ = {isa = PBXFileReference; lastKnownFileType = sourcecode.c.objc; path = AudioBackendCell.m; sourceTree = "<group>"; };
		B939872C2880896D008E8E47 /* ConfigGameCubeViewController.h */ = {isa = PBXFileReference; lastKnownFileType = sourcecode.c.h; path = ConfigGameCubeViewController.h; sourceTree = "<group>"; };
		B939872D2880896D008E8E47 /* ConfigGameCubeViewController.mm */ = {isa = PBXFileReference; lastKnownFileType = sourcecode.cpp.objcpp; path = ConfigGameCubeViewController.mm; sourceTree = "<group>"; };
		B9447AFC28418D7600BC9110 /* TCButton.swift */ = {isa = PBXFileReference; lastKnownFileType = sourcecode.swift; path = TCButton.swift; sourceTree = "<group>"; };
		B9447AFE28418EA100BC9110 /* TCDirectionalPad.swift */ = {isa = PBXFileReference; lastKnownFileType = sourcecode.swift; path = TCDirectionalPad.swift; sourceTree = "<group>"; };
		B9447B0028418F2600BC9110 /* TCJoystick.swift */ = {isa = PBXFileReference; lastKnownFileType = sourcecode.swift; path = TCJoystick.swift; sourceTree = "<group>"; };
		B9447B022841901200BC9110 /* TCGameCubePad.xib */ = {isa = PBXFileReference; fileEncoding = 4; lastKnownFileType = file.xib; path = TCGameCubePad.xib; sourceTree = "<group>"; };
		B9447B032841901200BC9110 /* TCGameCubePad.swift */ = {isa = PBXFileReference; fileEncoding = 4; lastKnownFileType = sourcecode.swift; path = TCGameCubePad.swift; sourceTree = "<group>"; };
		B9447B062841906000BC9110 /* TCView.swift */ = {isa = PBXFileReference; fileEncoding = 4; lastKnownFileType = sourcecode.swift; path = TCView.swift; sourceTree = "<group>"; };
		B9447B08284192FA00BC9110 /* DolphinAssets.xcassets */ = {isa = PBXFileReference; lastKnownFileType = folder.assetcatalog; path = DolphinAssets.xcassets; sourceTree = "<group>"; };
		B9447B0A2841931E00BC9110 /* CopyAssets.sh */ = {isa = PBXFileReference; lastKnownFileType = text.script.sh; path = CopyAssets.sh; sourceTree = "<group>"; };
		B9447B0C2841939300BC9110 /* ImageAsset.json.in */ = {isa = PBXFileReference; lastKnownFileType = text; path = ImageAsset.json.in; sourceTree = "<group>"; };
		B9476B1B27F1A6D8009C0A4B /* Debug.xcconfig */ = {isa = PBXFileReference; lastKnownFileType = text.xcconfig; path = Debug.xcconfig; sourceTree = "<group>"; };
		B9476B1D27F1AB0E009C0A4B /* PreprocessorCombine.xcconfig */ = {isa = PBXFileReference; lastKnownFileType = text.xcconfig; path = PreprocessorCombine.xcconfig; sourceTree = "<group>"; };
		B9476B1E27F1B17F009C0A4B /* NonJailbroken.xcconfig */ = {isa = PBXFileReference; lastKnownFileType = text.xcconfig; path = NonJailbroken.xcconfig; sourceTree = "<group>"; };
		B9476B1F27F1B1F2009C0A4B /* Beta.xcconfig */ = {isa = PBXFileReference; lastKnownFileType = text.xcconfig; path = Beta.xcconfig; sourceTree = "<group>"; };
		B9476B2027F22416009C0A4B /* Release.xcconfig */ = {isa = PBXFileReference; lastKnownFileType = text.xcconfig; path = Release.xcconfig; sourceTree = "<group>"; };
		B9476B2227F235A0009C0A4B /* BuildCore.sh */ = {isa = PBXFileReference; lastKnownFileType = text.script.sh; path = BuildCore.sh; sourceTree = "<group>"; };
		B9476B2427F23FFE009C0A4B /* libdolphin.dylib */ = {isa = PBXFileReference; lastKnownFileType = "compiled.mach-o.dylib"; name = libdolphin.dylib; path = "../../../build-$(PLATFORM_NAME)-$(DOL_CORE_BUILD_TARGET)/Source/iOS/Library/libdolphin.dylib"; sourceTree = SOURCE_ROOT; };
		B950CA932846A13100F45219 /* Sys */ = {isa = PBXFileReference; lastKnownFileType = text; name = Sys; path = ../../../Data/Sys; sourceTree = SOURCE_ROOT; };
		B96F72CE27F0E8BD0024BA7D /* Debug (Non-Jailbroken).xcconfig */ = {isa = PBXFileReference; lastKnownFileType = text.xcconfig; path = "Debug (Non-Jailbroken).xcconfig"; sourceTree = "<group>"; };
		B96F72CF27F0FBE90024BA7D /* Debug (Jailbroken).xcconfig */ = {isa = PBXFileReference; lastKnownFileType = text.xcconfig; path = "Debug (Jailbroken).xcconfig"; sourceTree = "<group>"; };
		B96F72D027F0FC020024BA7D /* Release (Non-Jailbroken).xcconfig */ = {isa = PBXFileReference; lastKnownFileType = text.xcconfig; path = "Release (Non-Jailbroken).xcconfig"; sourceTree = "<group>"; };
		B96F72D127F0FC1A0024BA7D /* Release (Jailbroken).xcconfig */ = {isa = PBXFileReference; lastKnownFileType = text.xcconfig; path = "Release (Jailbroken).xcconfig"; sourceTree = "<group>"; };
		B96F72D227F0FC420024BA7D /* Release (Beta, Non-Jailbroken).xcconfig */ = {isa = PBXFileReference; lastKnownFileType = text.xcconfig; path = "Release (Beta, Non-Jailbroken).xcconfig"; sourceTree = "<group>"; };
		B96F72D327F0FC520024BA7D /* Release (Beta, Jailbroken).xcconfig */ = {isa = PBXFileReference; lastKnownFileType = text.xcconfig; path = "Release (Beta, Jailbroken).xcconfig"; sourceTree = "<group>"; };
		B96F72DD27F199040024BA7D /* BundleIdentifier.xcconfig */ = {isa = PBXFileReference; lastKnownFileType = text.xcconfig; path = BundleIdentifier.xcconfig; sourceTree = "<group>"; };
		B991377A28808D8F00588446 /* GameCubeSystemLanguageViewController.h */ = {isa = PBXFileReference; lastKnownFileType = sourcecode.c.h; path = GameCubeSystemLanguageViewController.h; sourceTree = "<group>"; };
		B991377B28808D8F00588446 /* GameCubeSystemLanguageViewController.mm */ = {isa = PBXFileReference; lastKnownFileType = sourcecode.cpp.objcpp; path = GameCubeSystemLanguageViewController.mm; sourceTree = "<group>"; };
		B991377F288096A300588446 /* ConfigWiiViewController.h */ = {isa = PBXFileReference; lastKnownFileType = sourcecode.c.h; path = ConfigWiiViewController.h; sourceTree = "<group>"; };
		B9913780288096A300588446 /* ConfigWiiViewController.mm */ = {isa = PBXFileReference; lastKnownFileType = sourcecode.cpp.objcpp; path = ConfigWiiViewController.mm; sourceTree = "<group>"; };
		B99137822880ABDA00588446 /* DevelopmentTeam.xcconfig */ = {isa = PBXFileReference; lastKnownFileType = text.xcconfig; path = DevelopmentTeam.xcconfig; sourceTree = "<group>"; };
		B9913783288146D700588446 /* WiiAspectRatioViewController.h */ = {isa = PBXFileReference; lastKnownFileType = sourcecode.c.h; path = WiiAspectRatioViewController.h; sourceTree = "<group>"; };
		B9913784288146D700588446 /* WiiAspectRatioViewController.mm */ = {isa = PBXFileReference; lastKnownFileType = sourcecode.cpp.objcpp; path = WiiAspectRatioViewController.mm; sourceTree = "<group>"; };
		B99137862881486200588446 /* WiiSystemLanguageViewController.h */ = {isa = PBXFileReference; lastKnownFileType = sourcecode.c.h; path = WiiSystemLanguageViewController.h; sourceTree = "<group>"; };
		B99137872881486200588446 /* WiiSystemLanguageViewController.mm */ = {isa = PBXFileReference; lastKnownFileType = sourcecode.cpp.objcpp; path = WiiSystemLanguageViewController.mm; sourceTree = "<group>"; };
		B9913789288149F100588446 /* WiiSoundViewController.h */ = {isa = PBXFileReference; lastKnownFileType = sourcecode.c.h; path = WiiSoundViewController.h; sourceTree = "<group>"; };
		B991378A288149F100588446 /* WiiSoundViewController.mm */ = {isa = PBXFileReference; lastKnownFileType = sourcecode.cpp.objcpp; path = WiiSoundViewController.mm; sourceTree = "<group>"; };
		B991378C28814BCD00588446 /* WiiSensorBarViewController.h */ = {isa = PBXFileReference; lastKnownFileType = sourcecode.c.h; path = WiiSensorBarViewController.h; sourceTree = "<group>"; };
		B991378D28814BCD00588446 /* WiiSensorBarViewController.mm */ = {isa = PBXFileReference; lastKnownFileType = sourcecode.cpp.objcpp; path = WiiSensorBarViewController.mm; sourceTree = "<group>"; };
		B9913790288153D000588446 /* ConfigAdvancedViewController.h */ = {isa = PBXFileReference; lastKnownFileType = sourcecode.c.h; path = ConfigAdvancedViewController.h; sourceTree = "<group>"; };
		B9913791288153D000588446 /* ConfigAdvancedViewController.mm */ = {isa = PBXFileReference; lastKnownFileType = sourcecode.cpp.objcpp; path = ConfigAdvancedViewController.mm; sourceTree = "<group>"; };
		B99137932881D62C00588446 /* CpuEngineCell.h */ = {isa = PBXFileReference; lastKnownFileType = sourcecode.c.h; path = CpuEngineCell.h; sourceTree = "<group>"; };
		B99137942881D62C00588446 /* CpuEngineCell.m */ = {isa = PBXFileReference; lastKnownFileType = sourcecode.c.objc; path = CpuEngineCell.m; sourceTree = "<group>"; };
		B99137962881D68600588446 /* CpuEngineViewController.h */ = {isa = PBXFileReference; lastKnownFileType = sourcecode.c.h; path = CpuEngineViewController.h; sourceTree = "<group>"; };
		B99137972881D68600588446 /* CpuEngineViewController.mm */ = {isa = PBXFileReference; lastKnownFileType = sourcecode.cpp.objcpp; path = CpuEngineViewController.mm; sourceTree = "<group>"; };
		B991379A2881DC2200588446 /* UpdateStoryboardStrings.sh */ = {isa = PBXFileReference; lastKnownFileType = text.script.sh; path = UpdateStoryboardStrings.sh; sourceTree = "<group>"; };
		B991379F2881F23A00588446 /* en */ = {isa = PBXFileReference; lastKnownFileType = text.plist.strings; name = en; path = en.lproj/Core.strings; sourceTree = "<group>"; };
		B99137A228825AA600588446 /* UpdateCoreStrings.py */ = {isa = PBXFileReference; lastKnownFileType = text.script.python; path = UpdateCoreStrings.py; sourceTree = "<group>"; };
		B99137A6288279AC00588446 /* en */ = {isa = PBXFileReference; lastKnownFileType = text.plist.strings; name = en; path = en.lproj/Main.strings; sourceTree = "<group>"; };
		B99137A8288279F000588446 /* en */ = {isa = PBXFileReference; lastKnownFileType = text.plist.strings; name = en; path = en.lproj/LaunchScreen.strings; sourceTree = "<group>"; };
		B99137A928827A1400588446 /* ja */ = {isa = PBXFileReference; lastKnownFileType = text.plist.strings; name = ja; path = ja.lproj/Main.strings; sourceTree = "<group>"; };
		B99137AA28827A1500588446 /* ja */ = {isa = PBXFileReference; lastKnownFileType = text.plist.strings; name = ja; path = ja.lproj/LaunchScreen.strings; sourceTree = "<group>"; };
		B99137AB28827A1700588446 /* ja */ = {isa = PBXFileReference; lastKnownFileType = text.plist.strings; name = ja; path = ja.lproj/Core.strings; sourceTree = "<group>"; };
		B99137AD28827AD200588446 /* Base */ = {isa = PBXFileReference; lastKnownFileType = file.storyboard; name = Base; path = Base.lproj/SettingsRoot.storyboard; sourceTree = "<group>"; };
		B99137B028827B0400588446 /* en */ = {isa = PBXFileReference; lastKnownFileType = text.plist.strings; name = en; path = en.lproj/SettingsRoot.strings; sourceTree = "<group>"; };
		B99137B228827B8700588446 /* ja */ = {isa = PBXFileReference; lastKnownFileType = text.plist.strings; name = ja; path = ja.lproj/SettingsRoot.strings; sourceTree = "<group>"; };
		B99137B328827BF300588446 /* TransferCoreStringsToStoryboard.py */ = {isa = PBXFileReference; lastKnownFileType = text.script.python; path = TransferCoreStringsToStoryboard.py; sourceTree = "<group>"; };
		B99137B62882A58000588446 /* Base */ = {isa = PBXFileReference; lastKnownFileType = file.storyboard; name = Base; path = Base.lproj/SoftwareList.storyboard; sourceTree = "<group>"; };
		B99137B92882A58800588446 /* en */ = {isa = PBXFileReference; lastKnownFileType = text.plist.strings; name = en; path = en.lproj/SoftwareList.strings; sourceTree = "<group>"; };
		B99137BB2882A5BC00588446 /* ja */ = {isa = PBXFileReference; lastKnownFileType = text.plist.strings; name = ja; path = ja.lproj/SoftwareList.strings; sourceTree = "<group>"; };
		B99137C0288327AC00588446 /* Base */ = {isa = PBXFileReference; lastKnownFileType = file.storyboard; name = Base; path = Base.lproj/ConfigSettings.storyboard; sourceTree = "<group>"; };
		B99137C3288327B200588446 /* en */ = {isa = PBXFileReference; lastKnownFileType = text.plist.strings; name = en; path = en.lproj/ConfigSettings.strings; sourceTree = "<group>"; };
		B99137C5288327BB00588446 /* ja */ = {isa = PBXFileReference; lastKnownFileType = text.plist.strings; name = ja; path = ja.lproj/ConfigSettings.strings; sourceTree = "<group>"; };
		B99137C728832A0800588446 /* LocalizationUtil.h */ = {isa = PBXFileReference; lastKnownFileType = sourcecode.c.h; path = LocalizationUtil.h; sourceTree = "<group>"; };
		B99137C828832A0800588446 /* LocalizationUtil.m */ = {isa = PBXFileReference; lastKnownFileType = sourcecode.c.objc; path = LocalizationUtil.m; sourceTree = "<group>"; };
		B9D93889283DD83E00B290FC /* EmulationBootType.h */ = {isa = PBXFileReference; lastKnownFileType = sourcecode.c.h; path = EmulationBootType.h; sourceTree = "<group>"; };
		B9D9388A283DD86100B290FC /* EmulationBootParameter.h */ = {isa = PBXFileReference; lastKnownFileType = sourcecode.c.h; path = EmulationBootParameter.h; sourceTree = "<group>"; };
		B9D9388B283DD86100B290FC /* EmulationBootParameter.mm */ = {isa = PBXFileReference; lastKnownFileType = sourcecode.cpp.objcpp; path = EmulationBootParameter.mm; sourceTree = "<group>"; };
		B9D9388D283DE3C800B290FC /* EmulationViewController.h */ = {isa = PBXFileReference; lastKnownFileType = sourcecode.c.h; path = EmulationViewController.h; sourceTree = "<group>"; };
		B9D9388E283DE3C800B290FC /* EmulationViewController.mm */ = {isa = PBXFileReference; lastKnownFileType = sourcecode.cpp.objcpp; path = EmulationViewController.mm; sourceTree = "<group>"; };
		B9D93891283DE63800B290FC /* Emulation.storyboard */ = {isa = PBXFileReference; lastKnownFileType = file.storyboard; path = Emulation.storyboard; sourceTree = "<group>"; };
		B9D93894283ECD9500B290FC /* DOLSwitch.h */ = {isa = PBXFileReference; lastKnownFileType = sourcecode.c.h; path = DOLSwitch.h; sourceTree = "<group>"; };
		B9D93895283ECE1100B290FC /* DOLUIKitSwitch.h */ = {isa = PBXFileReference; lastKnownFileType = sourcecode.c.h; path = DOLUIKitSwitch.h; sourceTree = "<group>"; };
		B9D93896283ECE1100B290FC /* DOLUIKitSwitch.m */ = {isa = PBXFileReference; lastKnownFileType = sourcecode.c.objc; path = DOLUIKitSwitch.m; sourceTree = "<group>"; };
		B9D9389D283EF7AD00B290FC /* MetalKit.framework */ = {isa = PBXFileReference; lastKnownFileType = wrapper.framework; name = MetalKit.framework; path = System/Library/Frameworks/MetalKit.framework; sourceTree = SDKROOT; };
		B9D938A0283F239F00B290FC /* TCButtonType.swift */ = {isa = PBXFileReference; lastKnownFileType = sourcecode.swift; path = TCButtonType.swift; sourceTree = "<group>"; };
		B9D938A528418AFD00B290FC /* TCManagerInterface.h */ = {isa = PBXFileReference; lastKnownFileType = sourcecode.c.h; path = TCManagerInterface.h; sourceTree = "<group>"; };
		B9D938A628418AFD00B290FC /* TCManagerInterface.mm */ = {isa = PBXFileReference; lastKnownFileType = sourcecode.cpp.objcpp; path = TCManagerInterface.mm; sourceTree = "<group>"; };
		B9DC3DF627EFBD2C0084DAA4 /* DolphiniOS.app */ = {isa = PBXFileReference; explicitFileType = wrapper.application; includeInIndex = 0; path = DolphiniOS.app; sourceTree = BUILT_PRODUCTS_DIR; };
		B9DC3E0327EFBD2D0084DAA4 /* Base */ = {isa = PBXFileReference; lastKnownFileType = file.storyboard; name = Base; path = Base.lproj/Main.storyboard; sourceTree = "<group>"; };
		B9DC3E0527EFBD2F0084DAA4 /* Assets.xcassets */ = {isa = PBXFileReference; lastKnownFileType = folder.assetcatalog; path = Assets.xcassets; sourceTree = "<group>"; };
		B9DC3E0827EFBD2F0084DAA4 /* Base */ = {isa = PBXFileReference; lastKnownFileType = file.storyboard; name = Base; path = Base.lproj/LaunchScreen.storyboard; sourceTree = "<group>"; };
		B9DC3E0A27EFBD2F0084DAA4 /* Info.plist */ = {isa = PBXFileReference; lastKnownFileType = text.plist.xml; path = Info.plist; sourceTree = "<group>"; };
		B9DC5FA928849535004BD94A /* GraphicsRootViewController.h */ = {isa = PBXFileReference; lastKnownFileType = sourcecode.c.h; path = GraphicsRootViewController.h; sourceTree = "<group>"; };
		B9DC5FAA28849535004BD94A /* GraphicsRootViewController.mm */ = {isa = PBXFileReference; lastKnownFileType = sourcecode.cpp.objcpp; path = GraphicsRootViewController.mm; sourceTree = "<group>"; };
		B9DC5FAD28849640004BD94A /* GraphicsTabViewController.h */ = {isa = PBXFileReference; lastKnownFileType = sourcecode.c.h; path = GraphicsTabViewController.h; sourceTree = "<group>"; };
		B9DC5FAE28849640004BD94A /* GraphicsTabViewController.m */ = {isa = PBXFileReference; lastKnownFileType = sourcecode.c.objc; path = GraphicsTabViewController.m; sourceTree = "<group>"; };
		B9DC5FB1288497B0004BD94A /* GraphicsGeneralViewController.h */ = {isa = PBXFileReference; lastKnownFileType = sourcecode.c.h; path = GraphicsGeneralViewController.h; sourceTree = "<group>"; };
		B9DC5FB2288497B0004BD94A /* GraphicsGeneralViewController.mm */ = {isa = PBXFileReference; lastKnownFileType = sourcecode.cpp.objcpp; path = GraphicsGeneralViewController.mm; sourceTree = "<group>"; };
		B9DC5FB42884A563004BD94A /* GraphicsBoolCell.h */ = {isa = PBXFileReference; lastKnownFileType = sourcecode.c.h; path = GraphicsBoolCell.h; sourceTree = "<group>"; };
		B9DC5FB52884A563004BD94A /* GraphicsBoolCell.mm */ = {isa = PBXFileReference; lastKnownFileType = sourcecode.cpp.objcpp; path = GraphicsBoolCell.mm; sourceTree = "<group>"; };
		B9DC5FB72884CB7C004BD94A /* GraphicsChoiceCell.h */ = {isa = PBXFileReference; lastKnownFileType = sourcecode.c.h; path = GraphicsChoiceCell.h; sourceTree = "<group>"; };
		B9DC5FB82884CB7C004BD94A /* GraphicsChoiceCell.mm */ = {isa = PBXFileReference; lastKnownFileType = sourcecode.cpp.objcpp; path = GraphicsChoiceCell.mm; sourceTree = "<group>"; };
/* End PBXFileReference section */

/* Begin PBXFrameworksBuildPhase section */
		B9DC3DF327EFBD2C0084DAA4 /* Frameworks */ = {
			isa = PBXFrameworksBuildPhase;
			buildActionMask = 2147483647;
			files = (
				B9D9389E283EF7AD00B290FC /* MetalKit.framework in Frameworks */,
				B9476B2527F23FFE009C0A4B /* libdolphin.dylib in Frameworks */,
				B900A7B527F2D3C0000361DD /* MoltenVK.xcframework in Frameworks */,
				B900A7D227F5228B000361DD /* UICollectionViewLeftAlignedLayout in Frameworks */,
			);
			runOnlyForDeploymentPostprocessing = 0;
		};
/* End PBXFrameworksBuildPhase section */

/* Begin PBXGroup section */
		B900A7A327F260EF000361DD /* Libraries */ = {
			isa = PBXGroup;
			children = (
				B9476B2427F23FFE009C0A4B /* libdolphin.dylib */,
				B900A7B327F2D3AF000361DD /* MoltenVK.xcframework */,
			);
			path = Libraries;
			sourceTree = "<group>";
		};
		B900A7A427F26F17000361DD /* Common */ = {
			isa = PBXGroup;
			children = (
				B900A7BB27F4CD16000361DD /* FoundationUtil */,
				B900A7A827F27EB9000361DD /* Services */,
				B933EDBB27F6A5C7004D7DD7 /* Swift */,
				B900A7BF27F4D2E4000361DD /* UI */,
				B900A7A627F26F61000361DD /* AppDelegate.swift */,
				B933EDC227F8E215004D7DD7 /* Assets.xcassets */,
				B9447B08284192FA00BC9110 /* DolphinAssets.xcassets */,
				B900A7AF27F2866D000361DD /* UserFolderUtil.swift */,
			);
			path = Common;
			sourceTree = "<group>";
		};
		B900A7A827F27EB9000361DD /* Services */ = {
			isa = PBXGroup;
			children = (
				B900A7B927F4CB80000361DD /* DefaultsInitService.swift */,
				B900A7AC27F27F36000361DD /* DolphinCoreService.h */,
				B900A7AD27F27F36000361DD /* DolphinCoreService.mm */,
				B933EDBD27F6A7BF004D7DD7 /* GameFileCacheService.swift */,
			);
			path = Services;
			sourceTree = "<group>";
		};
		B900A7BB27F4CD16000361DD /* FoundationUtil */ = {
			isa = PBXGroup;
			children = (
				B900A7B127F28806000361DD /* FoundationStringUtil.h */,
				B900A7BC27F4CDD3000361DD /* SwiftStringUtil.swift */,
			);
			path = FoundationUtil;
			sourceTree = "<group>";
		};
		B900A7BF27F4D2E4000361DD /* UI */ = {
			isa = PBXGroup;
			children = (
				B9D93893283ECD6F00B290FC /* Controls */,
				B933EDC527F8E8D6004D7DD7 /* Emulation */,
				B99137C62883290000588446 /* Localization */,
				B93986F9287F4592008E8E47 /* Settings */,
				B900A7C327F4D44D000361DD /* SoftwareList */,
			);
			path = UI;
			sourceTree = "<group>";
		};
		B900A7C327F4D44D000361DD /* SoftwareList */ = {
			isa = PBXGroup;
			children = (
				B900A7D327F61F3A000361DD /* GameFileCacheManager.h */,
				B900A7D427F61F3A000361DD /* GameFileCacheManager.mm */,
				B933EDBF27F77D1E004D7DD7 /* GameFilePtrWrapper.h */,
				B933EDC027F77D1E004D7DD7 /* GameFilePtrWrapper.mm */,
				B900A7CE27F4DB9A000361DD /* SoftwareListCell.swift */,
				B900A7C827F4DA97000361DD /* SoftwareListViewController.h */,
				B900A7C927F4DA97000361DD /* SoftwareListViewController.mm */,
			);
			path = SoftwareList;
			sourceTree = "<group>";
		};
		B900A7C427F4D4DE000361DD /* UI */ = {
			isa = PBXGroup;
			children = (
				B9D9389B283ECF0B00B290FC /* Controls */,
				B9D93890283DE62700B290FC /* Emulation */,
				B938835B287EBA5500910606 /* Settings */,
				B900A7C527F4D4E2000361DD /* SoftwareList */,
			);
			path = UI;
			sourceTree = "<group>";
		};
		B900A7C527F4D4E2000361DD /* SoftwareList */ = {
			isa = PBXGroup;
			children = (
				B99137B72882A58000588446 /* SoftwareList.storyboard */,
			);
			path = SoftwareList;
			sourceTree = "<group>";
		};
		B904ACC828854768008B6BE9 /* Enhancements */ = {
			isa = PBXGroup;
			children = (
				B904ACD32885D2C4008B6BE9 /* AnisotropicFilteringViewController.h */,
				B904ACD42885D2C4008B6BE9 /* AnisotropicFilteringViewController.mm */,
				B904ACC928854782008B6BE9 /* GraphicsEnhancementsViewController.h */,
				B904ACCA28854782008B6BE9 /* GraphicsEnhancementsViewController.mm */,
				B904ACD02885561E008B6BE9 /* InternalResolutionCell.h */,
				B904ACD12885561E008B6BE9 /* InternalResolutionCell.m */,
				B904ACCD288555E8008B6BE9 /* InternalResolutionViewController.h */,
				B904ACCE288555E8008B6BE9 /* InternalResolutionViewController.mm */,
			);
			path = Enhancements;
			sourceTree = "<group>";
		};
		B904ACD62885E7B5008B6BE9 /* Hacks */ = {
			isa = PBXGroup;
			children = (
				B904ACD72885E7DE008B6BE9 /* GraphicsHacksViewController.h */,
				B904ACD82885E7DE008B6BE9 /* GraphicsHacksViewController.mm */,
			);
			path = Hacks;
			sourceTree = "<group>";
		};
		B904ACDA2886292D008B6BE9 /* Advanced */ = {
			isa = PBXGroup;
			children = (
				B904ACDB28862941008B6BE9 /* GraphicsAdvancedViewController.h */,
				B904ACDC28862941008B6BE9 /* GraphicsAdvancedViewController.mm */,
			);
			path = Advanced;
			sourceTree = "<group>";
		};
		B904ACE5288666D3008B6BE9 /* Controllers */ = {
			isa = PBXGroup;
			children = (
				B904ACE728866E2D008B6BE9 /* ControllersSettings.storyboard */,
			);
			path = Controllers;
			sourceTree = "<group>";
		};
		B904ACE628866E12008B6BE9 /* Controllers */ = {
			isa = PBXGroup;
			children = (
				B904ACEC2886701C008B6BE9 /* ControllerPortCell.h */,
				B904ACED2886701C008B6BE9 /* ControllerPortCell.m */,
				B904ACE928866FF4008B6BE9 /* ControllersRootViewController.h */,
				B904ACEA28866FF4008B6BE9 /* ControllersRootViewController.mm */,
				B904ACEF28868E4B008B6BE9 /* ControllersSettingsUtil.h */,
				B904ACF028868E4B008B6BE9 /* ControllersSettingsUtil.mm */,
			);
			path = Controllers;
			sourceTree = "<group>";
		};
		B933EDBB27F6A5C7004D7DD7 /* Swift */ = {
			isa = PBXGroup;
			children = (
				B900A7B227F2CF8A000361DD /* BridgingHeader.h */,
				B933EDBC27F6A61B004D7DD7 /* Swift.h */,
			);
			path = Swift;
			sourceTree = "<group>";
		};
		B933EDC527F8E8D6004D7DD7 /* Emulation */ = {
			isa = PBXGroup;
			children = (
				B9D93889283DD83E00B290FC /* EmulationBootType.h */,
				B9D9388A283DD86100B290FC /* EmulationBootParameter.h */,
				B9D9388B283DD86100B290FC /* EmulationBootParameter.mm */,
				B9D9388D283DE3C800B290FC /* EmulationViewController.h */,
				B9D9388E283DE3C800B290FC /* EmulationViewController.mm */,
			);
			path = Emulation;
			sourceTree = "<group>";
		};
		B938835B287EBA5500910606 /* Settings */ = {
			isa = PBXGroup;
			children = (
				B93986FD287F8F0F008E8E47 /* Config */,
				B904ACE5288666D3008B6BE9 /* Controllers */,
				B9DC5FA628849467004BD94A /* Graphics */,
				B99137AE28827AD200588446 /* SettingsRoot.storyboard */,
			);
			path = Settings;
			sourceTree = "<group>";
		};
		B93986F9287F4592008E8E47 /* Settings */ = {
			isa = PBXGroup;
			children = (
				B9398700287F98E7008E8E47 /* Config */,
				B904ACE628866E12008B6BE9 /* Controllers */,
				B9DC5FA52884945C004BD94A /* Graphics */,
				B93986FA287F45A3008E8E47 /* SettingsRootViewController.swift */,
			);
			path = Settings;
			sourceTree = "<group>";
		};
		B93986FD287F8F0F008E8E47 /* Config */ = {
			isa = PBXGroup;
			children = (
				B99137C1288327AC00588446 /* ConfigSettings.storyboard */,
			);
			path = Config;
			sourceTree = "<group>";
		};
		B9398700287F98E7008E8E47 /* Config */ = {
			isa = PBXGroup;
			children = (
				B991378F288153A500588446 /* Advanced */,
				B939872B28808958008E8E47 /* GameCube */,
				B9398720287FFBA2008E8E47 /* General */,
				B9398717287FF121008E8E47 /* Interface */,
				B9398721287FFBD3008E8E47 /* Sound */,
				B991377E2880969400588446 /* Wii */,
			);
			path = Config;
			sourceTree = "<group>";
		};
		B9398717287FF121008E8E47 /* Interface */ = {
			isa = PBXGroup;
			children = (
				B9398718287FF135008E8E47 /* ConfigInterfaceViewController.h */,
				B9398719287FF135008E8E47 /* ConfigInterfaceViewController.mm */,
			);
			path = Interface;
			sourceTree = "<group>";
		};
		B9398720287FFBA2008E8E47 /* General */ = {
			isa = PBXGroup;
			children = (
				B9398705287F998C008E8E47 /* ConfigGeneralViewController.h */,
				B9398706287F998C008E8E47 /* ConfigGeneralViewController.mm */,
				B9398714287FE28F008E8E47 /* FallbackRegionCell.h */,
				B9398715287FE28F008E8E47 /* FallbackRegionCell.m */,
				B9398711287FDF23008E8E47 /* FallbackRegionViewController.h */,
				B9398712287FDF23008E8E47 /* FallbackRegionViewController.mm */,
				B939870E287FBB80008E8E47 /* SpeedLimitCell.h */,
				B939870F287FBB80008E8E47 /* SpeedLimitCell.m */,
				B9398708287FBB08008E8E47 /* SpeedLimitViewController.h */,
				B9398709287FBB08008E8E47 /* SpeedLimitViewController.mm */,
			);
			path = General;
			sourceTree = "<group>";
		};
		B9398721287FFBD3008E8E47 /* Sound */ = {
			isa = PBXGroup;
			children = (
				B939872828800BA2008E8E47 /* AudioBackendCell.h */,
				B939872928800BA2008E8E47 /* AudioBackendCell.m */,
				B9398725288009D0008E8E47 /* AudioBackendViewController.h */,
				B9398726288009D0008E8E47 /* AudioBackendViewController.mm */,
				B9398722287FFBEC008E8E47 /* ConfigSoundViewController.h */,
				B9398723287FFBEC008E8E47 /* ConfigSoundViewController.mm */,
			);
			path = Sound;
			sourceTree = "<group>";
		};
		B939872B28808958008E8E47 /* GameCube */ = {
			isa = PBXGroup;
			children = (
				B939872C2880896D008E8E47 /* ConfigGameCubeViewController.h */,
				B939872D2880896D008E8E47 /* ConfigGameCubeViewController.mm */,
				B991377A28808D8F00588446 /* GameCubeSystemLanguageViewController.h */,
				B991377B28808D8F00588446 /* GameCubeSystemLanguageViewController.mm */,
			);
			path = GameCube;
			sourceTree = "<group>";
		};
		B9447B0B2841937100BC9110 /* Templates */ = {
			isa = PBXGroup;
			children = (
				B9447B0C2841939300BC9110 /* ImageAsset.json.in */,
			);
			path = Templates;
			sourceTree = "<group>";
		};
		B9476B2127F2357B009C0A4B /* Scripts */ = {
			isa = PBXGroup;
			children = (
				B9476B2227F235A0009C0A4B /* BuildCore.sh */,
				B9447B0A2841931E00BC9110 /* CopyAssets.sh */,
				B99137B328827BF300588446 /* TransferCoreStringsToStoryboard.py */,
				B991379A2881DC2200588446 /* UpdateStoryboardStrings.sh */,
				B99137A228825AA600588446 /* UpdateCoreStrings.py */,
			);
			path = Scripts;
			sourceTree = "<group>";
		};
		B950CA922846A10400F45219 /* Assets */ = {
			isa = PBXGroup;
			children = (
				B950CA932846A13100F45219 /* Sys */,
			);
			path = Assets;
			sourceTree = "<group>";
		};
		B96F72CC27F0E6A00024BA7D /* Project */ = {
			isa = PBXGroup;
			children = (
				B950CA922846A10400F45219 /* Assets */,
				B96F72CD27F0E8A70024BA7D /* Config */,
				B9447B0B2841937100BC9110 /* Templates */,
				B99137A128825A8400588446 /* Tools */,
				B9476B2127F2357B009C0A4B /* Scripts */,
			);
			path = Project;
			sourceTree = "<group>";
		};
		B96F72CD27F0E8A70024BA7D /* Config */ = {
			isa = PBXGroup;
			children = (
				B96F72DB27F167E90024BA7D /* Presets */,
				B9476B1F27F1B1F2009C0A4B /* Beta.xcconfig */,
				B96F72DD27F199040024BA7D /* BundleIdentifier.xcconfig */,
				B900A7A227F25718000361DD /* Common.xcconfig */,
				B93986FC287F7C2F008E8E47 /* CoreVersion.xcconfig */,
				B9476B1B27F1A6D8009C0A4B /* Debug.xcconfig */,
				B99137822880ABDA00588446 /* DevelopmentTeam.xcconfig */,
				B9476B1E27F1B17F009C0A4B /* NonJailbroken.xcconfig */,
				B9476B1D27F1AB0E009C0A4B /* PreprocessorCombine.xcconfig */,
				B9476B2027F22416009C0A4B /* Release.xcconfig */,
			);
			path = Config;
			sourceTree = "<group>";
		};
		B96F72DB27F167E90024BA7D /* Presets */ = {
			isa = PBXGroup;
			children = (
				B96F72CE27F0E8BD0024BA7D /* Debug (Non-Jailbroken).xcconfig */,
				B96F72CF27F0FBE90024BA7D /* Debug (Jailbroken).xcconfig */,
				B96F72D027F0FC020024BA7D /* Release (Non-Jailbroken).xcconfig */,
				B96F72D227F0FC420024BA7D /* Release (Beta, Non-Jailbroken).xcconfig */,
				B96F72D127F0FC1A0024BA7D /* Release (Jailbroken).xcconfig */,
				B96F72D327F0FC520024BA7D /* Release (Beta, Jailbroken).xcconfig */,
			);
			path = Presets;
			sourceTree = "<group>";
		};
		B991377E2880969400588446 /* Wii */ = {
			isa = PBXGroup;
			children = (
				B9913783288146D700588446 /* WiiAspectRatioViewController.h */,
				B9913784288146D700588446 /* WiiAspectRatioViewController.mm */,
				B991377F288096A300588446 /* ConfigWiiViewController.h */,
				B9913780288096A300588446 /* ConfigWiiViewController.mm */,
				B991378C28814BCD00588446 /* WiiSensorBarViewController.h */,
				B991378D28814BCD00588446 /* WiiSensorBarViewController.mm */,
				B9913789288149F100588446 /* WiiSoundViewController.h */,
				B991378A288149F100588446 /* WiiSoundViewController.mm */,
				B99137862881486200588446 /* WiiSystemLanguageViewController.h */,
				B99137872881486200588446 /* WiiSystemLanguageViewController.mm */,
			);
			path = Wii;
			sourceTree = "<group>";
		};
		B991378F288153A500588446 /* Advanced */ = {
			isa = PBXGroup;
			children = (
				B9913790288153D000588446 /* ConfigAdvancedViewController.h */,
				B9913791288153D000588446 /* ConfigAdvancedViewController.mm */,
				B99137932881D62C00588446 /* CpuEngineCell.h */,
				B99137942881D62C00588446 /* CpuEngineCell.m */,
				B99137962881D68600588446 /* CpuEngineViewController.h */,
				B99137972881D68600588446 /* CpuEngineViewController.mm */,
			);
			path = Advanced;
			sourceTree = "<group>";
		};
		B99137A128825A8400588446 /* Tools */ = {
			isa = PBXGroup;
			children = (
			);
			path = Tools;
			sourceTree = "<group>";
		};
		B99137C62883290000588446 /* Localization */ = {
			isa = PBXGroup;
			children = (
				B99137A02881F23A00588446 /* Core.strings */,
				B99137C728832A0800588446 /* LocalizationUtil.h */,
				B99137C828832A0800588446 /* LocalizationUtil.m */,
			);
			path = Localization;
			sourceTree = "<group>";
		};
		B9D93890283DE62700B290FC /* Emulation */ = {
			isa = PBXGroup;
			children = (
				B9D9389F283F239200B290FC /* TouchController */,
				B9D93891283DE63800B290FC /* Emulation.storyboard */,
			);
			path = Emulation;
			sourceTree = "<group>";
		};
		B9D93893283ECD6F00B290FC /* Controls */ = {
			isa = PBXGroup;
			children = (
				B9D93894283ECD9500B290FC /* DOLSwitch.h */,
			);
			path = Controls;
			sourceTree = "<group>";
		};
		B9D9389B283ECF0B00B290FC /* Controls */ = {
			isa = PBXGroup;
			children = (
				B9D93895283ECE1100B290FC /* DOLUIKitSwitch.h */,
				B9D93896283ECE1100B290FC /* DOLUIKitSwitch.m */,
			);
			path = Controls;
			sourceTree = "<group>";
		};
		B9D9389C283EF7AD00B290FC /* Frameworks */ = {
			isa = PBXGroup;
			children = (
				B9D9389D283EF7AD00B290FC /* MetalKit.framework */,
			);
			name = Frameworks;
			sourceTree = "<group>";
		};
		B9D9389F283F239200B290FC /* TouchController */ = {
			isa = PBXGroup;
			children = (
				B9447AFC28418D7600BC9110 /* TCButton.swift */,
				B9D938A0283F239F00B290FC /* TCButtonType.swift */,
				B9447AFE28418EA100BC9110 /* TCDirectionalPad.swift */,
				B9447B032841901200BC9110 /* TCGameCubePad.swift */,
				B9447B022841901200BC9110 /* TCGameCubePad.xib */,
				B9447B0028418F2600BC9110 /* TCJoystick.swift */,
				B9D938A528418AFD00B290FC /* TCManagerInterface.h */,
				B9D938A628418AFD00B290FC /* TCManagerInterface.mm */,
				B9447B062841906000BC9110 /* TCView.swift */,
			);
			path = TouchController;
			sourceTree = "<group>";
		};
		B9DC3DED27EFBD2C0084DAA4 = {
			isa = PBXGroup;
			children = (
				B96F72CC27F0E6A00024BA7D /* Project */,
				B900A7A327F260EF000361DD /* Libraries */,
				B900A7A427F26F17000361DD /* Common */,
				B9DC3DF827EFBD2C0084DAA4 /* DolphiniOS */,
				B9DC3DF727EFBD2C0084DAA4 /* Products */,
				B9D9389C283EF7AD00B290FC /* Frameworks */,
			);
			sourceTree = "<group>";
		};
		B9DC3DF727EFBD2C0084DAA4 /* Products */ = {
			isa = PBXGroup;
			children = (
				B9DC3DF627EFBD2C0084DAA4 /* DolphiniOS.app */,
			);
			name = Products;
			sourceTree = "<group>";
		};
		B9DC3DF827EFBD2C0084DAA4 /* DolphiniOS */ = {
			isa = PBXGroup;
			children = (
				B900A7C427F4D4DE000361DD /* UI */,
				B9DC3E0227EFBD2D0084DAA4 /* Main.storyboard */,
				B9DC3E0527EFBD2F0084DAA4 /* Assets.xcassets */,
				B9DC3E0727EFBD2F0084DAA4 /* LaunchScreen.storyboard */,
				B9DC3E0A27EFBD2F0084DAA4 /* Info.plist */,
			);
			path = DolphiniOS;
			sourceTree = "<group>";
		};
		B9DC5FA52884945C004BD94A /* Graphics */ = {
			isa = PBXGroup;
			children = (
				B904ACDA2886292D008B6BE9 /* Advanced */,
				B904ACC828854768008B6BE9 /* Enhancements */,
				B9DC5FB028849798004BD94A /* General */,
				B904ACD62885E7B5008B6BE9 /* Hacks */,
				B9DC5FB42884A563004BD94A /* GraphicsBoolCell.h */,
				B9DC5FB52884A563004BD94A /* GraphicsBoolCell.mm */,
				B9DC5FB72884CB7C004BD94A /* GraphicsChoiceCell.h */,
				B9DC5FB82884CB7C004BD94A /* GraphicsChoiceCell.mm */,
				B9DC5FA928849535004BD94A /* GraphicsRootViewController.h */,
				B9DC5FAA28849535004BD94A /* GraphicsRootViewController.mm */,
				B9DC5FAD28849640004BD94A /* GraphicsTabViewController.h */,
				B9DC5FAE28849640004BD94A /* GraphicsTabViewController.m */,
			);
			path = Graphics;
			sourceTree = "<group>";
		};
		B9DC5FA628849467004BD94A /* Graphics */ = {
			isa = PBXGroup;
			children = (
				B904ACE028863119008B6BE9 /* GraphicsSettings.storyboard */,
			);
			path = Graphics;
			sourceTree = "<group>";
		};
		B9DC5FB028849798004BD94A /* General */ = {
			isa = PBXGroup;
			children = (
				B904ACC2288524D9008B6BE9 /* GraphicsAspectRatioViewController.h */,
				B904ACC3288524D9008B6BE9 /* GraphicsAspectRatioViewController.mm */,
				B904ACBC28851C5C008B6BE9 /* GraphicsBackendCell.h */,
				B904ACBD28851C5C008B6BE9 /* GraphicsBackendCell.m */,
				B904ACBF28851C6F008B6BE9 /* GraphicsBackendViewController.h */,
				B904ACC028851C6F008B6BE9 /* GraphicsBackendViewController.mm */,
				B9DC5FB1288497B0004BD94A /* GraphicsGeneralViewController.h */,
				B9DC5FB2288497B0004BD94A /* GraphicsGeneralViewController.mm */,
				B904ACC528852708008B6BE9 /* GraphicsShaderModeViewController.h */,
				B904ACC628852708008B6BE9 /* GraphicsShaderModeViewController.mm */,
			);
			path = General;
			sourceTree = "<group>";
		};
/* End PBXGroup section */

/* Begin PBXNativeTarget section */
		B9DC3DF527EFBD2C0084DAA4 /* DolphiniOS */ = {
			isa = PBXNativeTarget;
			buildConfigurationList = B9DC3E0F27EFBD2F0084DAA4 /* Build configuration list for PBXNativeTarget "DolphiniOS" */;
			buildPhases = (
				B9476B2327F23920009C0A4B /* Build Dolphin Core */,
				B9DC3DF227EFBD2C0084DAA4 /* Sources */,
				B9DC3DF327EFBD2C0084DAA4 /* Frameworks */,
				B9447B0E2841941D00BC9110 /* Copy Dolphin Assets */,
				B991379B2881DCAC00588446 /* Update Storyboard Strings */,
				B99137A428825CFA00588446 /* Update Core Strings */,
				B99137B428829F1400588446 /* Transfer Core Strings to Storyboard Strings */,
				B9DC3DF427EFBD2C0084DAA4 /* Resources */,
				B900A7A027F255E0000361DD /* CopyFiles */,
			);
			buildRules = (
			);
			dependencies = (
			);
			name = DolphiniOS;
			packageProductDependencies = (
				B900A7D127F5228B000361DD /* UICollectionViewLeftAlignedLayout */,
			);
			productName = DolphiniOS;
			productReference = B9DC3DF627EFBD2C0084DAA4 /* DolphiniOS.app */;
			productType = "com.apple.product-type.application";
		};
/* End PBXNativeTarget section */

/* Begin PBXProject section */
		B9DC3DEE27EFBD2C0084DAA4 /* Project object */ = {
			isa = PBXProject;
			attributes = {
				BuildIndependentTargetsInParallel = 1;
				LastUpgradeCheck = 1330;
				TargetAttributes = {
					B9DC3DF527EFBD2C0084DAA4 = {
						CreatedOnToolsVersion = 13.1;
						LastSwiftMigration = 1310;
					};
				};
			};
			buildConfigurationList = B9DC3DF127EFBD2C0084DAA4 /* Build configuration list for PBXProject "DolphiniOS" */;
			compatibilityVersion = "Xcode 13.0";
			developmentRegion = en;
			hasScannedForEncodings = 0;
			knownRegions = (
				en,
				Base,
				ja,
			);
			mainGroup = B9DC3DED27EFBD2C0084DAA4;
			packageReferences = (
				B900A7D027F5228B000361DD /* XCRemoteSwiftPackageReference "UICollectionViewLeftAlignedLayout" */,
			);
			productRefGroup = B9DC3DF727EFBD2C0084DAA4 /* Products */;
			projectDirPath = "";
			projectRoot = "";
			targets = (
				B9DC3DF527EFBD2C0084DAA4 /* DolphiniOS */,
			);
		};
/* End PBXProject section */

/* Begin PBXResourcesBuildPhase section */
		B9DC3DF427EFBD2C0084DAA4 /* Resources */ = {
			isa = PBXResourcesBuildPhase;
			buildActionMask = 2147483647;
			files = (
				B99137AC28827AD200588446 /* SettingsRoot.storyboard in Resources */,
				B991379E2881F23A00588446 /* Core.strings in Resources */,
				B950CA942846A13100F45219 /* Sys in Resources */,
				B99137BF288327AC00588446 /* ConfigSettings.storyboard in Resources */,
				B9DC3E0927EFBD2F0084DAA4 /* LaunchScreen.storyboard in Resources */,
				B904ACDE28863119008B6BE9 /* GraphicsSettings.storyboard in Resources */,
				B99137B52882A58000588446 /* SoftwareList.storyboard in Resources */,
				B9447B042841901200BC9110 /* TCGameCubePad.xib in Resources */,
				B9447B09284192FA00BC9110 /* DolphinAssets.xcassets in Resources */,
				B9DC3E0627EFBD2F0084DAA4 /* Assets.xcassets in Resources */,
				B9DC3E0427EFBD2D0084DAA4 /* Main.storyboard in Resources */,
				B904ACE828866E2D008B6BE9 /* ControllersSettings.storyboard in Resources */,
				B933EDC327F8E215004D7DD7 /* Assets.xcassets in Resources */,
				B9D93892283DE63800B290FC /* Emulation.storyboard in Resources */,
			);
			runOnlyForDeploymentPostprocessing = 0;
		};
/* End PBXResourcesBuildPhase section */

/* Begin PBXShellScriptBuildPhase section */
		B9447B0E2841941D00BC9110 /* Copy Dolphin Assets */ = {
			isa = PBXShellScriptBuildPhase;
			buildActionMask = 2147483647;
			files = (
			);
			inputFileListPaths = (
			);
			inputPaths = (
			);
			name = "Copy Dolphin Assets";
			outputFileListPaths = (
			);
			outputPaths = (
				"$(PROJECT_DIR)/Common/DolphinAssets.xcassets/**",
			);
			runOnlyForDeploymentPostprocessing = 0;
			shellPath = /bin/sh;
			shellScript = "\"$PROJECT_DIR/Project/Scripts/CopyAssets.sh\"\n";
		};
		B9476B2327F23920009C0A4B /* Build Dolphin Core */ = {
			isa = PBXShellScriptBuildPhase;
			alwaysOutOfDate = 1;
			buildActionMask = 2147483647;
			files = (
			);
			inputFileListPaths = (
			);
			inputPaths = (
			);
			name = "Build Dolphin Core";
			outputFileListPaths = (
			);
			outputPaths = (
				"$(SRCROOT)/../../../build-$(PLATFORM_NAME)-$(DOL_CORE_BUILD_TARGET)/Source/iOS/Library/libdolphin.dylib",
			);
			runOnlyForDeploymentPostprocessing = 0;
			shellPath = /bin/sh;
			shellScript = "\"$PROJECT_DIR/Project/Scripts/BuildCore.sh\"\n";
		};
		B991379B2881DCAC00588446 /* Update Storyboard Strings */ = {
			isa = PBXShellScriptBuildPhase;
			buildActionMask = 2147483647;
			files = (
			);
			inputFileListPaths = (
			);
			inputPaths = (
			);
			name = "Update Storyboard Strings";
			outputFileListPaths = (
			);
			outputPaths = (
			);
			runOnlyForDeploymentPostprocessing = 0;
			shellPath = /bin/sh;
			shellScript = "\"$PROJECT_DIR/Project/Scripts/UpdateStoryboardStrings.sh\"\n";
		};
		B99137A428825CFA00588446 /* Update Core Strings */ = {
			isa = PBXShellScriptBuildPhase;
			buildActionMask = 2147483647;
			files = (
			);
			inputFileListPaths = (
			);
			inputPaths = (
				"$(PROJECT_DIR)/../../../Languages/po/en.po",
			);
			name = "Update Core Strings";
			outputFileListPaths = (
			);
			outputPaths = (
				"$(DERIVED_FILE_DIR)/UpdateCoreStrings_dummy.txt",
			);
			runOnlyForDeploymentPostprocessing = 0;
			shellPath = /bin/sh;
			shellScript = "python3 \"$PROJECT_DIR/Project/Scripts/UpdateCoreStrings.py\" \"$PROJECT_DIR/../../../Languages/po/\" \"$PROJECT_DIR/Common/UI/Localization\"\n";
		};
		B99137B428829F1400588446 /* Transfer Core Strings to Storyboard Strings */ = {
			isa = PBXShellScriptBuildPhase;
			buildActionMask = 2147483647;
			files = (
			);
			inputFileListPaths = (
			);
			inputPaths = (
			);
			name = "Transfer Core Strings to Storyboard Strings";
			outputFileListPaths = (
			);
			outputPaths = (
			);
			runOnlyForDeploymentPostprocessing = 0;
			shellPath = /bin/sh;
			shellScript = "python3 \"$PROJECT_DIR/Project/Scripts/TransferCoreStringsToStoryboard.py\" \"$PROJECT_DIR/DolphiniOS\" \"$PROJECT_DIR/Common/UI/Localization/\"\n";
		};
/* End PBXShellScriptBuildPhase section */

/* Begin PBXSourcesBuildPhase section */
		B9DC3DF227EFBD2C0084DAA4 /* Sources */ = {
			isa = PBXSourcesBuildPhase;
			buildActionMask = 2147483647;
			files = (
				B9913785288146D700588446 /* WiiAspectRatioViewController.mm in Sources */,
				B9DC5FB92884CB7C004BD94A /* GraphicsChoiceCell.mm in Sources */,
				B99137882881486200588446 /* WiiSystemLanguageViewController.mm in Sources */,
				B900A7CF27F4DB9A000361DD /* SoftwareListCell.swift in Sources */,
				B939872A28800BA2008E8E47 /* AudioBackendCell.m in Sources */,
				B904ACCB28854782008B6BE9 /* GraphicsEnhancementsViewController.mm in Sources */,
				B991378B288149F100588446 /* WiiSoundViewController.mm in Sources */,
				B991377C28808D9000588446 /* GameCubeSystemLanguageViewController.mm in Sources */,
				B9913781288096A300588446 /* ConfigWiiViewController.mm in Sources */,
				B9398716287FE28F008E8E47 /* FallbackRegionCell.m in Sources */,
				B939871A287FF135008E8E47 /* ConfigInterfaceViewController.mm in Sources */,
				B900A7A727F26F61000361DD /* AppDelegate.swift in Sources */,
				B9447AFF28418EA100BC9110 /* TCDirectionalPad.swift in Sources */,
				B9398710287FBB80008E8E47 /* SpeedLimitCell.m in Sources */,
				B933EDC127F77D1E004D7DD7 /* GameFilePtrWrapper.mm in Sources */,
				B933EDBE27F6A7BF004D7DD7 /* GameFileCacheService.swift in Sources */,
				B9398707287F998C008E8E47 /* ConfigGeneralViewController.mm in Sources */,
				B93986FB287F45A3008E8E47 /* SettingsRootViewController.swift in Sources */,
				B904ACEE2886701C008B6BE9 /* ControllerPortCell.m in Sources */,
				B9913792288153D000588446 /* ConfigAdvancedViewController.mm in Sources */,
				B904ACBE28851C5C008B6BE9 /* GraphicsBackendCell.m in Sources */,
				B939872E2880896D008E8E47 /* ConfigGameCubeViewController.mm in Sources */,
				B9D93897283ECE1100B290FC /* DOLUIKitSwitch.m in Sources */,
				B904ACD92885E7DE008B6BE9 /* GraphicsHacksViewController.mm in Sources */,
				B900A7CA27F4DA97000361DD /* SoftwareListViewController.mm in Sources */,
				B9DC5FB3288497B0004BD94A /* GraphicsGeneralViewController.mm in Sources */,
				B939870A287FBB08008E8E47 /* SpeedLimitViewController.mm in Sources */,
				B904ACDD28862941008B6BE9 /* GraphicsAdvancedViewController.mm in Sources */,
				B9398713287FDF23008E8E47 /* FallbackRegionViewController.mm in Sources */,
				B904ACC728852708008B6BE9 /* GraphicsShaderModeViewController.mm in Sources */,
				B9D9388F283DE3C800B290FC /* EmulationViewController.mm in Sources */,
				B991378E28814BCD00588446 /* WiiSensorBarViewController.mm in Sources */,
				B904ACD22885561E008B6BE9 /* InternalResolutionCell.m in Sources */,
				B9447B052841901200BC9110 /* TCGameCubePad.swift in Sources */,
				B904ACEB28866FF4008B6BE9 /* ControllersRootViewController.mm in Sources */,
				B900A7AE27F27F36000361DD /* DolphinCoreService.mm in Sources */,
				B900A7D527F61F3A000361DD /* GameFileCacheManager.mm in Sources */,
				B9DC5FAB28849535004BD94A /* GraphicsRootViewController.mm in Sources */,
				B9447B0128418F2600BC9110 /* TCJoystick.swift in Sources */,
				B900A7BA27F4CB80000361DD /* DefaultsInitService.swift in Sources */,
				B9DC5FAF28849640004BD94A /* GraphicsTabViewController.m in Sources */,
				B904ACD52885D2C4008B6BE9 /* AnisotropicFilteringViewController.mm in Sources */,
				B904ACC128851C6F008B6BE9 /* GraphicsBackendViewController.mm in Sources */,
				B904ACCF288555E8008B6BE9 /* InternalResolutionViewController.mm in Sources */,
				B9398724287FFBEC008E8E47 /* ConfigSoundViewController.mm in Sources */,
				B9447B072841906000BC9110 /* TCView.swift in Sources */,
				B900A7BD27F4CDD3000361DD /* SwiftStringUtil.swift in Sources */,
				B9D9388C283DD86100B290FC /* EmulationBootParameter.mm in Sources */,
				B99137982881D68600588446 /* CpuEngineViewController.mm in Sources */,
				B99137C928832A0800588446 /* LocalizationUtil.m in Sources */,
				B9447AFD28418D7600BC9110 /* TCButton.swift in Sources */,
				B9D938A1283F23A000B290FC /* TCButtonType.swift in Sources */,
				B904ACF128868E4B008B6BE9 /* ControllersSettingsUtil.mm in Sources */,
				B99137952881D62C00588446 /* CpuEngineCell.m in Sources */,
				B904ACC4288524D9008B6BE9 /* GraphicsAspectRatioViewController.mm in Sources */,
				B9DC5FB62884A563004BD94A /* GraphicsBoolCell.mm in Sources */,
				B9D938A728418AFE00B290FC /* TCManagerInterface.mm in Sources */,
				B900A7B027F2866D000361DD /* UserFolderUtil.swift in Sources */,
				B9398727288009D0008E8E47 /* AudioBackendViewController.mm in Sources */,
			);
			runOnlyForDeploymentPostprocessing = 0;
		};
/* End PBXSourcesBuildPhase section */

/* Begin PBXVariantGroup section */
		B904ACE028863119008B6BE9 /* GraphicsSettings.storyboard */ = {
			isa = PBXVariantGroup;
			children = (
				B904ACDF28863119008B6BE9 /* Base */,
				B904ACE228863123008B6BE9 /* en */,
				B904ACE42886312D008B6BE9 /* ja */,
			);
			name = GraphicsSettings.storyboard;
			sourceTree = "<group>";
		};
		B99137A02881F23A00588446 /* Core.strings */ = {
			isa = PBXVariantGroup;
			children = (
				B991379F2881F23A00588446 /* en */,
				B99137AB28827A1700588446 /* ja */,
			);
			name = Core.strings;
			sourceTree = "<group>";
		};
		B99137AE28827AD200588446 /* SettingsRoot.storyboard */ = {
			isa = PBXVariantGroup;
			children = (
				B99137AD28827AD200588446 /* Base */,
				B99137B028827B0400588446 /* en */,
				B99137B228827B8700588446 /* ja */,
			);
			name = SettingsRoot.storyboard;
			sourceTree = "<group>";
		};
		B99137B72882A58000588446 /* SoftwareList.storyboard */ = {
			isa = PBXVariantGroup;
			children = (
				B99137B62882A58000588446 /* Base */,
				B99137B92882A58800588446 /* en */,
				B99137BB2882A5BC00588446 /* ja */,
			);
			name = SoftwareList.storyboard;
			sourceTree = "<group>";
		};
		B99137C1288327AC00588446 /* ConfigSettings.storyboard */ = {
			isa = PBXVariantGroup;
			children = (
				B99137C0288327AC00588446 /* Base */,
				B99137C3288327B200588446 /* en */,
				B99137C5288327BB00588446 /* ja */,
			);
			name = ConfigSettings.storyboard;
			sourceTree = "<group>";
		};
		B9DC3E0227EFBD2D0084DAA4 /* Main.storyboard */ = {
			isa = PBXVariantGroup;
			children = (
				B9DC3E0327EFBD2D0084DAA4 /* Base */,
				B99137A6288279AC00588446 /* en */,
				B99137A928827A1400588446 /* ja */,
			);
			name = Main.storyboard;
			sourceTree = "<group>";
		};
		B9DC3E0727EFBD2F0084DAA4 /* LaunchScreen.storyboard */ = {
			isa = PBXVariantGroup;
			children = (
				B9DC3E0827EFBD2F0084DAA4 /* Base */,
				B99137A8288279F000588446 /* en */,
				B99137AA28827A1500588446 /* ja */,
			);
			name = LaunchScreen.storyboard;
			sourceTree = "<group>";
		};
/* End PBXVariantGroup section */

/* Begin XCBuildConfiguration section */
		B96F72C427F0E43D0024BA7D /* Debug (Jailbroken) */ = {
			isa = XCBuildConfiguration;
			buildSettings = {
				ALWAYS_SEARCH_USER_PATHS = NO;
				ARCHS = "$(ARCHS_STANDARD_64_BIT)";
				CLANG_ANALYZER_LOCALIZABILITY_NONLOCALIZED = YES;
				CLANG_ANALYZER_NONNULL = YES;
				CLANG_ANALYZER_NUMBER_OBJECT_CONVERSION = YES_AGGRESSIVE;
				CLANG_CXX_LANGUAGE_STANDARD = "gnu++17";
				CLANG_CXX_LIBRARY = "libc++";
				CLANG_ENABLE_MODULES = YES;
				CLANG_ENABLE_OBJC_ARC = YES;
				CLANG_ENABLE_OBJC_WEAK = YES;
				CLANG_WARN_BLOCK_CAPTURE_AUTORELEASING = YES;
				CLANG_WARN_BOOL_CONVERSION = YES;
				CLANG_WARN_COMMA = YES;
				CLANG_WARN_CONSTANT_CONVERSION = YES;
				CLANG_WARN_DEPRECATED_OBJC_IMPLEMENTATIONS = YES;
				CLANG_WARN_DIRECT_OBJC_ISA_USAGE = YES_ERROR;
				CLANG_WARN_DOCUMENTATION_COMMENTS = YES;
				CLANG_WARN_EMPTY_BODY = YES;
				CLANG_WARN_ENUM_CONVERSION = YES;
				CLANG_WARN_INFINITE_RECURSION = YES;
				CLANG_WARN_INT_CONVERSION = YES;
				CLANG_WARN_NON_LITERAL_NULL_CONVERSION = YES;
				CLANG_WARN_OBJC_IMPLICIT_RETAIN_SELF = YES;
				CLANG_WARN_OBJC_LITERAL_CONVERSION = YES;
				CLANG_WARN_OBJC_ROOT_CLASS = YES_ERROR;
				CLANG_WARN_QUOTED_INCLUDE_IN_FRAMEWORK_HEADER = YES;
				CLANG_WARN_RANGE_LOOP_ANALYSIS = YES;
				CLANG_WARN_STRICT_PROTOTYPES = YES;
				CLANG_WARN_SUSPICIOUS_MOVE = YES;
				CLANG_WARN_UNGUARDED_AVAILABILITY = YES_AGGRESSIVE;
				CLANG_WARN_UNREACHABLE_CODE = YES;
				CLANG_WARN__DUPLICATE_METHOD_MATCH = YES;
				COPY_PHASE_STRIP = NO;
				DEBUG_INFORMATION_FORMAT = dwarf;
				ENABLE_BITCODE = NO;
				ENABLE_STRICT_OBJC_MSGSEND = YES;
				ENABLE_TESTABILITY = YES;
				GCC_C_LANGUAGE_STANDARD = gnu11;
				GCC_DYNAMIC_NO_PIC = NO;
				GCC_NO_COMMON_BLOCKS = YES;
				GCC_OPTIMIZATION_LEVEL = 0;
				GCC_WARN_64_TO_32_BIT_CONVERSION = YES;
				GCC_WARN_ABOUT_RETURN_TYPE = YES_ERROR;
				GCC_WARN_UNDECLARED_SELECTOR = YES;
				GCC_WARN_UNINITIALIZED_AUTOS = YES_AGGRESSIVE;
				GCC_WARN_UNUSED_FUNCTION = YES;
				GCC_WARN_UNUSED_VARIABLE = YES;
				IPHONEOS_DEPLOYMENT_TARGET = 13.0;
				MTL_ENABLE_DEBUG_INFO = INCLUDE_SOURCE;
				MTL_FAST_MATH = YES;
				ONLY_ACTIVE_ARCH = YES;
				SDKROOT = iphoneos;
			};
			name = "Debug (Jailbroken)";
		};
		B96F72C527F0E43D0024BA7D /* Debug (Jailbroken) */ = {
			isa = XCBuildConfiguration;
			baseConfigurationReference = B96F72CF27F0FBE90024BA7D /* Debug (Jailbroken).xcconfig */;
			buildSettings = {
				ASSETCATALOG_COMPILER_APPICON_NAME = AppIcon;
				ASSETCATALOG_COMPILER_GLOBAL_ACCENT_COLOR_NAME = AccentColor;
				CLANG_ENABLE_MODULES = YES;
				CODE_SIGN_STYLE = Automatic;
				CURRENT_PROJECT_VERSION = 1;
				GENERATE_INFOPLIST_FILE = YES;
				INFOPLIST_FILE = DolphiniOS/Info.plist;
				INFOPLIST_KEY_LSSupportsOpeningDocumentsInPlace = YES;
				INFOPLIST_KEY_UIApplicationSupportsIndirectInputEvents = YES;
				INFOPLIST_KEY_UILaunchStoryboardName = LaunchScreen;
				INFOPLIST_KEY_UIMainStoryboardFile = Main;
				INFOPLIST_KEY_UISupportedInterfaceOrientations_iPad = "UIInterfaceOrientationPortrait UIInterfaceOrientationPortraitUpsideDown UIInterfaceOrientationLandscapeLeft UIInterfaceOrientationLandscapeRight";
				INFOPLIST_KEY_UISupportedInterfaceOrientations_iPhone = "UIInterfaceOrientationPortrait UIInterfaceOrientationLandscapeLeft UIInterfaceOrientationLandscapeRight";
				IPHONEOS_DEPLOYMENT_TARGET = 13.0;
				LD_RUNPATH_SEARCH_PATHS = (
					"$(inherited)",
					"@executable_path/Frameworks",
				);
				MARKETING_VERSION = 4.0.0;
				PRODUCT_NAME = "$(TARGET_NAME)";
				SWIFT_EMIT_LOC_STRINGS = YES;
				SWIFT_OPTIMIZATION_LEVEL = "-Onone";
				SWIFT_VERSION = 5.0;
				TARGETED_DEVICE_FAMILY = "1,2";
			};
			name = "Debug (Jailbroken)";
		};
		B96F72C627F0E4470024BA7D /* Release (Jailbroken) */ = {
			isa = XCBuildConfiguration;
			buildSettings = {
				ALWAYS_SEARCH_USER_PATHS = NO;
				ARCHS = "$(ARCHS_STANDARD_64_BIT)";
				CLANG_ANALYZER_LOCALIZABILITY_NONLOCALIZED = YES;
				CLANG_ANALYZER_NONNULL = YES;
				CLANG_ANALYZER_NUMBER_OBJECT_CONVERSION = YES_AGGRESSIVE;
				CLANG_CXX_LANGUAGE_STANDARD = "gnu++17";
				CLANG_CXX_LIBRARY = "libc++";
				CLANG_ENABLE_MODULES = YES;
				CLANG_ENABLE_OBJC_ARC = YES;
				CLANG_ENABLE_OBJC_WEAK = YES;
				CLANG_WARN_BLOCK_CAPTURE_AUTORELEASING = YES;
				CLANG_WARN_BOOL_CONVERSION = YES;
				CLANG_WARN_COMMA = YES;
				CLANG_WARN_CONSTANT_CONVERSION = YES;
				CLANG_WARN_DEPRECATED_OBJC_IMPLEMENTATIONS = YES;
				CLANG_WARN_DIRECT_OBJC_ISA_USAGE = YES_ERROR;
				CLANG_WARN_DOCUMENTATION_COMMENTS = YES;
				CLANG_WARN_EMPTY_BODY = YES;
				CLANG_WARN_ENUM_CONVERSION = YES;
				CLANG_WARN_INFINITE_RECURSION = YES;
				CLANG_WARN_INT_CONVERSION = YES;
				CLANG_WARN_NON_LITERAL_NULL_CONVERSION = YES;
				CLANG_WARN_OBJC_IMPLICIT_RETAIN_SELF = YES;
				CLANG_WARN_OBJC_LITERAL_CONVERSION = YES;
				CLANG_WARN_OBJC_ROOT_CLASS = YES_ERROR;
				CLANG_WARN_QUOTED_INCLUDE_IN_FRAMEWORK_HEADER = YES;
				CLANG_WARN_RANGE_LOOP_ANALYSIS = YES;
				CLANG_WARN_STRICT_PROTOTYPES = YES;
				CLANG_WARN_SUSPICIOUS_MOVE = YES;
				CLANG_WARN_UNGUARDED_AVAILABILITY = YES_AGGRESSIVE;
				CLANG_WARN_UNREACHABLE_CODE = YES;
				CLANG_WARN__DUPLICATE_METHOD_MATCH = YES;
				COPY_PHASE_STRIP = NO;
				DEBUG_INFORMATION_FORMAT = "dwarf-with-dsym";
				ENABLE_BITCODE = NO;
				ENABLE_NS_ASSERTIONS = NO;
				ENABLE_STRICT_OBJC_MSGSEND = YES;
				GCC_C_LANGUAGE_STANDARD = gnu11;
				GCC_NO_COMMON_BLOCKS = YES;
				GCC_WARN_64_TO_32_BIT_CONVERSION = YES;
				GCC_WARN_ABOUT_RETURN_TYPE = YES_ERROR;
				GCC_WARN_UNDECLARED_SELECTOR = YES;
				GCC_WARN_UNINITIALIZED_AUTOS = YES_AGGRESSIVE;
				GCC_WARN_UNUSED_FUNCTION = YES;
				GCC_WARN_UNUSED_VARIABLE = YES;
				IPHONEOS_DEPLOYMENT_TARGET = 13.0;
				MTL_ENABLE_DEBUG_INFO = NO;
				MTL_FAST_MATH = YES;
				SDKROOT = iphoneos;
				SWIFT_COMPILATION_MODE = wholemodule;
				VALIDATE_PRODUCT = YES;
			};
			name = "Release (Jailbroken)";
		};
		B96F72C727F0E4470024BA7D /* Release (Jailbroken) */ = {
			isa = XCBuildConfiguration;
			baseConfigurationReference = B96F72D127F0FC1A0024BA7D /* Release (Jailbroken).xcconfig */;
			buildSettings = {
				ASSETCATALOG_COMPILER_APPICON_NAME = AppIcon;
				ASSETCATALOG_COMPILER_GLOBAL_ACCENT_COLOR_NAME = AccentColor;
				CLANG_ENABLE_MODULES = YES;
				CODE_SIGN_STYLE = Automatic;
				CURRENT_PROJECT_VERSION = 1;
				GENERATE_INFOPLIST_FILE = YES;
				INFOPLIST_FILE = DolphiniOS/Info.plist;
				INFOPLIST_KEY_LSSupportsOpeningDocumentsInPlace = YES;
				INFOPLIST_KEY_UIApplicationSupportsIndirectInputEvents = YES;
				INFOPLIST_KEY_UILaunchStoryboardName = LaunchScreen;
				INFOPLIST_KEY_UIMainStoryboardFile = Main;
				INFOPLIST_KEY_UISupportedInterfaceOrientations_iPad = "UIInterfaceOrientationPortrait UIInterfaceOrientationPortraitUpsideDown UIInterfaceOrientationLandscapeLeft UIInterfaceOrientationLandscapeRight";
				INFOPLIST_KEY_UISupportedInterfaceOrientations_iPhone = "UIInterfaceOrientationPortrait UIInterfaceOrientationLandscapeLeft UIInterfaceOrientationLandscapeRight";
				IPHONEOS_DEPLOYMENT_TARGET = 13.0;
				LD_RUNPATH_SEARCH_PATHS = (
					"$(inherited)",
					"@executable_path/Frameworks",
				);
				MARKETING_VERSION = 4.0.0;
				PRODUCT_NAME = "$(TARGET_NAME)";
				SWIFT_EMIT_LOC_STRINGS = YES;
				SWIFT_VERSION = 5.0;
				TARGETED_DEVICE_FAMILY = "1,2";
			};
			name = "Release (Jailbroken)";
		};
		B96F72C827F0E4A60024BA7D /* Release (Beta, Non-Jailbroken) */ = {
			isa = XCBuildConfiguration;
			buildSettings = {
				ALWAYS_SEARCH_USER_PATHS = NO;
				ARCHS = "$(ARCHS_STANDARD_64_BIT)";
				CLANG_ANALYZER_LOCALIZABILITY_NONLOCALIZED = YES;
				CLANG_ANALYZER_NONNULL = YES;
				CLANG_ANALYZER_NUMBER_OBJECT_CONVERSION = YES_AGGRESSIVE;
				CLANG_CXX_LANGUAGE_STANDARD = "gnu++17";
				CLANG_CXX_LIBRARY = "libc++";
				CLANG_ENABLE_MODULES = YES;
				CLANG_ENABLE_OBJC_ARC = YES;
				CLANG_ENABLE_OBJC_WEAK = YES;
				CLANG_WARN_BLOCK_CAPTURE_AUTORELEASING = YES;
				CLANG_WARN_BOOL_CONVERSION = YES;
				CLANG_WARN_COMMA = YES;
				CLANG_WARN_CONSTANT_CONVERSION = YES;
				CLANG_WARN_DEPRECATED_OBJC_IMPLEMENTATIONS = YES;
				CLANG_WARN_DIRECT_OBJC_ISA_USAGE = YES_ERROR;
				CLANG_WARN_DOCUMENTATION_COMMENTS = YES;
				CLANG_WARN_EMPTY_BODY = YES;
				CLANG_WARN_ENUM_CONVERSION = YES;
				CLANG_WARN_INFINITE_RECURSION = YES;
				CLANG_WARN_INT_CONVERSION = YES;
				CLANG_WARN_NON_LITERAL_NULL_CONVERSION = YES;
				CLANG_WARN_OBJC_IMPLICIT_RETAIN_SELF = YES;
				CLANG_WARN_OBJC_LITERAL_CONVERSION = YES;
				CLANG_WARN_OBJC_ROOT_CLASS = YES_ERROR;
				CLANG_WARN_QUOTED_INCLUDE_IN_FRAMEWORK_HEADER = YES;
				CLANG_WARN_RANGE_LOOP_ANALYSIS = YES;
				CLANG_WARN_STRICT_PROTOTYPES = YES;
				CLANG_WARN_SUSPICIOUS_MOVE = YES;
				CLANG_WARN_UNGUARDED_AVAILABILITY = YES_AGGRESSIVE;
				CLANG_WARN_UNREACHABLE_CODE = YES;
				CLANG_WARN__DUPLICATE_METHOD_MATCH = YES;
				COPY_PHASE_STRIP = NO;
				DEBUG_INFORMATION_FORMAT = "dwarf-with-dsym";
				ENABLE_BITCODE = NO;
				ENABLE_NS_ASSERTIONS = NO;
				ENABLE_STRICT_OBJC_MSGSEND = YES;
				GCC_C_LANGUAGE_STANDARD = gnu11;
				GCC_NO_COMMON_BLOCKS = YES;
				GCC_WARN_64_TO_32_BIT_CONVERSION = YES;
				GCC_WARN_ABOUT_RETURN_TYPE = YES_ERROR;
				GCC_WARN_UNDECLARED_SELECTOR = YES;
				GCC_WARN_UNINITIALIZED_AUTOS = YES_AGGRESSIVE;
				GCC_WARN_UNUSED_FUNCTION = YES;
				GCC_WARN_UNUSED_VARIABLE = YES;
				IPHONEOS_DEPLOYMENT_TARGET = 13.0;
				MTL_ENABLE_DEBUG_INFO = NO;
				MTL_FAST_MATH = YES;
				SDKROOT = iphoneos;
				SWIFT_COMPILATION_MODE = wholemodule;
				VALIDATE_PRODUCT = YES;
			};
			name = "Release (Beta, Non-Jailbroken)";
		};
		B96F72C927F0E4A60024BA7D /* Release (Beta, Non-Jailbroken) */ = {
			isa = XCBuildConfiguration;
			baseConfigurationReference = B96F72D227F0FC420024BA7D /* Release (Beta, Non-Jailbroken).xcconfig */;
			buildSettings = {
				ASSETCATALOG_COMPILER_APPICON_NAME = AppIcon;
				ASSETCATALOG_COMPILER_GLOBAL_ACCENT_COLOR_NAME = AccentColor;
				CLANG_ENABLE_MODULES = YES;
				CODE_SIGN_STYLE = Automatic;
				CURRENT_PROJECT_VERSION = 1;
				GENERATE_INFOPLIST_FILE = YES;
				INFOPLIST_FILE = DolphiniOS/Info.plist;
				INFOPLIST_KEY_LSSupportsOpeningDocumentsInPlace = YES;
				INFOPLIST_KEY_UIApplicationSupportsIndirectInputEvents = YES;
				INFOPLIST_KEY_UILaunchStoryboardName = LaunchScreen;
				INFOPLIST_KEY_UIMainStoryboardFile = Main;
				INFOPLIST_KEY_UISupportedInterfaceOrientations_iPad = "UIInterfaceOrientationPortrait UIInterfaceOrientationPortraitUpsideDown UIInterfaceOrientationLandscapeLeft UIInterfaceOrientationLandscapeRight";
				INFOPLIST_KEY_UISupportedInterfaceOrientations_iPhone = "UIInterfaceOrientationPortrait UIInterfaceOrientationLandscapeLeft UIInterfaceOrientationLandscapeRight";
				IPHONEOS_DEPLOYMENT_TARGET = 13.0;
				LD_RUNPATH_SEARCH_PATHS = (
					"$(inherited)",
					"@executable_path/Frameworks",
				);
				MARKETING_VERSION = 4.0.0;
				PRODUCT_NAME = "$(TARGET_NAME)";
				SWIFT_EMIT_LOC_STRINGS = YES;
				SWIFT_VERSION = 5.0;
				TARGETED_DEVICE_FAMILY = "1,2";
			};
			name = "Release (Beta, Non-Jailbroken)";
		};
		B96F72CA27F0E4AE0024BA7D /* Release (Beta, Jailbroken) */ = {
			isa = XCBuildConfiguration;
			buildSettings = {
				ALWAYS_SEARCH_USER_PATHS = NO;
				ARCHS = "$(ARCHS_STANDARD_64_BIT)";
				CLANG_ANALYZER_LOCALIZABILITY_NONLOCALIZED = YES;
				CLANG_ANALYZER_NONNULL = YES;
				CLANG_ANALYZER_NUMBER_OBJECT_CONVERSION = YES_AGGRESSIVE;
				CLANG_CXX_LANGUAGE_STANDARD = "gnu++17";
				CLANG_CXX_LIBRARY = "libc++";
				CLANG_ENABLE_MODULES = YES;
				CLANG_ENABLE_OBJC_ARC = YES;
				CLANG_ENABLE_OBJC_WEAK = YES;
				CLANG_WARN_BLOCK_CAPTURE_AUTORELEASING = YES;
				CLANG_WARN_BOOL_CONVERSION = YES;
				CLANG_WARN_COMMA = YES;
				CLANG_WARN_CONSTANT_CONVERSION = YES;
				CLANG_WARN_DEPRECATED_OBJC_IMPLEMENTATIONS = YES;
				CLANG_WARN_DIRECT_OBJC_ISA_USAGE = YES_ERROR;
				CLANG_WARN_DOCUMENTATION_COMMENTS = YES;
				CLANG_WARN_EMPTY_BODY = YES;
				CLANG_WARN_ENUM_CONVERSION = YES;
				CLANG_WARN_INFINITE_RECURSION = YES;
				CLANG_WARN_INT_CONVERSION = YES;
				CLANG_WARN_NON_LITERAL_NULL_CONVERSION = YES;
				CLANG_WARN_OBJC_IMPLICIT_RETAIN_SELF = YES;
				CLANG_WARN_OBJC_LITERAL_CONVERSION = YES;
				CLANG_WARN_OBJC_ROOT_CLASS = YES_ERROR;
				CLANG_WARN_QUOTED_INCLUDE_IN_FRAMEWORK_HEADER = YES;
				CLANG_WARN_RANGE_LOOP_ANALYSIS = YES;
				CLANG_WARN_STRICT_PROTOTYPES = YES;
				CLANG_WARN_SUSPICIOUS_MOVE = YES;
				CLANG_WARN_UNGUARDED_AVAILABILITY = YES_AGGRESSIVE;
				CLANG_WARN_UNREACHABLE_CODE = YES;
				CLANG_WARN__DUPLICATE_METHOD_MATCH = YES;
				COPY_PHASE_STRIP = NO;
				DEBUG_INFORMATION_FORMAT = "dwarf-with-dsym";
				ENABLE_BITCODE = NO;
				ENABLE_NS_ASSERTIONS = NO;
				ENABLE_STRICT_OBJC_MSGSEND = YES;
				GCC_C_LANGUAGE_STANDARD = gnu11;
				GCC_NO_COMMON_BLOCKS = YES;
				GCC_WARN_64_TO_32_BIT_CONVERSION = YES;
				GCC_WARN_ABOUT_RETURN_TYPE = YES_ERROR;
				GCC_WARN_UNDECLARED_SELECTOR = YES;
				GCC_WARN_UNINITIALIZED_AUTOS = YES_AGGRESSIVE;
				GCC_WARN_UNUSED_FUNCTION = YES;
				GCC_WARN_UNUSED_VARIABLE = YES;
				IPHONEOS_DEPLOYMENT_TARGET = 13.0;
				MTL_ENABLE_DEBUG_INFO = NO;
				MTL_FAST_MATH = YES;
				SDKROOT = iphoneos;
				SWIFT_COMPILATION_MODE = wholemodule;
				VALIDATE_PRODUCT = YES;
			};
			name = "Release (Beta, Jailbroken)";
		};
		B96F72CB27F0E4AE0024BA7D /* Release (Beta, Jailbroken) */ = {
			isa = XCBuildConfiguration;
			baseConfigurationReference = B96F72D327F0FC520024BA7D /* Release (Beta, Jailbroken).xcconfig */;
			buildSettings = {
				ASSETCATALOG_COMPILER_APPICON_NAME = AppIcon;
				ASSETCATALOG_COMPILER_GLOBAL_ACCENT_COLOR_NAME = AccentColor;
				CLANG_ENABLE_MODULES = YES;
				CODE_SIGN_STYLE = Automatic;
				CURRENT_PROJECT_VERSION = 1;
				GENERATE_INFOPLIST_FILE = YES;
				INFOPLIST_FILE = DolphiniOS/Info.plist;
				INFOPLIST_KEY_LSSupportsOpeningDocumentsInPlace = YES;
				INFOPLIST_KEY_UIApplicationSupportsIndirectInputEvents = YES;
				INFOPLIST_KEY_UILaunchStoryboardName = LaunchScreen;
				INFOPLIST_KEY_UIMainStoryboardFile = Main;
				INFOPLIST_KEY_UISupportedInterfaceOrientations_iPad = "UIInterfaceOrientationPortrait UIInterfaceOrientationPortraitUpsideDown UIInterfaceOrientationLandscapeLeft UIInterfaceOrientationLandscapeRight";
				INFOPLIST_KEY_UISupportedInterfaceOrientations_iPhone = "UIInterfaceOrientationPortrait UIInterfaceOrientationLandscapeLeft UIInterfaceOrientationLandscapeRight";
				IPHONEOS_DEPLOYMENT_TARGET = 13.0;
				LD_RUNPATH_SEARCH_PATHS = (
					"$(inherited)",
					"@executable_path/Frameworks",
				);
				MARKETING_VERSION = 4.0.0;
				PRODUCT_NAME = "$(TARGET_NAME)";
				SWIFT_EMIT_LOC_STRINGS = YES;
				SWIFT_VERSION = 5.0;
				TARGETED_DEVICE_FAMILY = "1,2";
			};
			name = "Release (Beta, Jailbroken)";
		};
		B9DC3E0D27EFBD2F0084DAA4 /* Debug (Non-Jailbroken) */ = {
			isa = XCBuildConfiguration;
			buildSettings = {
				ALWAYS_SEARCH_USER_PATHS = NO;
				ARCHS = "$(ARCHS_STANDARD_64_BIT)";
				CLANG_ANALYZER_LOCALIZABILITY_NONLOCALIZED = YES;
				CLANG_ANALYZER_NONNULL = YES;
				CLANG_ANALYZER_NUMBER_OBJECT_CONVERSION = YES_AGGRESSIVE;
				CLANG_CXX_LANGUAGE_STANDARD = "gnu++17";
				CLANG_CXX_LIBRARY = "libc++";
				CLANG_ENABLE_MODULES = YES;
				CLANG_ENABLE_OBJC_ARC = YES;
				CLANG_ENABLE_OBJC_WEAK = YES;
				CLANG_WARN_BLOCK_CAPTURE_AUTORELEASING = YES;
				CLANG_WARN_BOOL_CONVERSION = YES;
				CLANG_WARN_COMMA = YES;
				CLANG_WARN_CONSTANT_CONVERSION = YES;
				CLANG_WARN_DEPRECATED_OBJC_IMPLEMENTATIONS = YES;
				CLANG_WARN_DIRECT_OBJC_ISA_USAGE = YES_ERROR;
				CLANG_WARN_DOCUMENTATION_COMMENTS = YES;
				CLANG_WARN_EMPTY_BODY = YES;
				CLANG_WARN_ENUM_CONVERSION = YES;
				CLANG_WARN_INFINITE_RECURSION = YES;
				CLANG_WARN_INT_CONVERSION = YES;
				CLANG_WARN_NON_LITERAL_NULL_CONVERSION = YES;
				CLANG_WARN_OBJC_IMPLICIT_RETAIN_SELF = YES;
				CLANG_WARN_OBJC_LITERAL_CONVERSION = YES;
				CLANG_WARN_OBJC_ROOT_CLASS = YES_ERROR;
				CLANG_WARN_QUOTED_INCLUDE_IN_FRAMEWORK_HEADER = YES;
				CLANG_WARN_RANGE_LOOP_ANALYSIS = YES;
				CLANG_WARN_STRICT_PROTOTYPES = YES;
				CLANG_WARN_SUSPICIOUS_MOVE = YES;
				CLANG_WARN_UNGUARDED_AVAILABILITY = YES_AGGRESSIVE;
				CLANG_WARN_UNREACHABLE_CODE = YES;
				CLANG_WARN__DUPLICATE_METHOD_MATCH = YES;
				COPY_PHASE_STRIP = NO;
				DEBUG_INFORMATION_FORMAT = dwarf;
				ENABLE_BITCODE = NO;
				ENABLE_STRICT_OBJC_MSGSEND = YES;
				ENABLE_TESTABILITY = YES;
				GCC_C_LANGUAGE_STANDARD = gnu11;
				GCC_DYNAMIC_NO_PIC = NO;
				GCC_NO_COMMON_BLOCKS = YES;
				GCC_OPTIMIZATION_LEVEL = 0;
				GCC_WARN_64_TO_32_BIT_CONVERSION = YES;
				GCC_WARN_ABOUT_RETURN_TYPE = YES_ERROR;
				GCC_WARN_UNDECLARED_SELECTOR = YES;
				GCC_WARN_UNINITIALIZED_AUTOS = YES_AGGRESSIVE;
				GCC_WARN_UNUSED_FUNCTION = YES;
				GCC_WARN_UNUSED_VARIABLE = YES;
				IPHONEOS_DEPLOYMENT_TARGET = 13.0;
				MTL_ENABLE_DEBUG_INFO = INCLUDE_SOURCE;
				MTL_FAST_MATH = YES;
				ONLY_ACTIVE_ARCH = YES;
				SDKROOT = iphoneos;
			};
			name = "Debug (Non-Jailbroken)";
		};
		B9DC3E0E27EFBD2F0084DAA4 /* Release (Non-Jailbroken) */ = {
			isa = XCBuildConfiguration;
			buildSettings = {
				ALWAYS_SEARCH_USER_PATHS = NO;
				ARCHS = "$(ARCHS_STANDARD_64_BIT)";
				CLANG_ANALYZER_LOCALIZABILITY_NONLOCALIZED = YES;
				CLANG_ANALYZER_NONNULL = YES;
				CLANG_ANALYZER_NUMBER_OBJECT_CONVERSION = YES_AGGRESSIVE;
				CLANG_CXX_LANGUAGE_STANDARD = "gnu++17";
				CLANG_CXX_LIBRARY = "libc++";
				CLANG_ENABLE_MODULES = YES;
				CLANG_ENABLE_OBJC_ARC = YES;
				CLANG_ENABLE_OBJC_WEAK = YES;
				CLANG_WARN_BLOCK_CAPTURE_AUTORELEASING = YES;
				CLANG_WARN_BOOL_CONVERSION = YES;
				CLANG_WARN_COMMA = YES;
				CLANG_WARN_CONSTANT_CONVERSION = YES;
				CLANG_WARN_DEPRECATED_OBJC_IMPLEMENTATIONS = YES;
				CLANG_WARN_DIRECT_OBJC_ISA_USAGE = YES_ERROR;
				CLANG_WARN_DOCUMENTATION_COMMENTS = YES;
				CLANG_WARN_EMPTY_BODY = YES;
				CLANG_WARN_ENUM_CONVERSION = YES;
				CLANG_WARN_INFINITE_RECURSION = YES;
				CLANG_WARN_INT_CONVERSION = YES;
				CLANG_WARN_NON_LITERAL_NULL_CONVERSION = YES;
				CLANG_WARN_OBJC_IMPLICIT_RETAIN_SELF = YES;
				CLANG_WARN_OBJC_LITERAL_CONVERSION = YES;
				CLANG_WARN_OBJC_ROOT_CLASS = YES_ERROR;
				CLANG_WARN_QUOTED_INCLUDE_IN_FRAMEWORK_HEADER = YES;
				CLANG_WARN_RANGE_LOOP_ANALYSIS = YES;
				CLANG_WARN_STRICT_PROTOTYPES = YES;
				CLANG_WARN_SUSPICIOUS_MOVE = YES;
				CLANG_WARN_UNGUARDED_AVAILABILITY = YES_AGGRESSIVE;
				CLANG_WARN_UNREACHABLE_CODE = YES;
				CLANG_WARN__DUPLICATE_METHOD_MATCH = YES;
				COPY_PHASE_STRIP = NO;
				DEBUG_INFORMATION_FORMAT = "dwarf-with-dsym";
				ENABLE_BITCODE = NO;
				ENABLE_NS_ASSERTIONS = NO;
				ENABLE_STRICT_OBJC_MSGSEND = YES;
				GCC_C_LANGUAGE_STANDARD = gnu11;
				GCC_NO_COMMON_BLOCKS = YES;
				GCC_WARN_64_TO_32_BIT_CONVERSION = YES;
				GCC_WARN_ABOUT_RETURN_TYPE = YES_ERROR;
				GCC_WARN_UNDECLARED_SELECTOR = YES;
				GCC_WARN_UNINITIALIZED_AUTOS = YES_AGGRESSIVE;
				GCC_WARN_UNUSED_FUNCTION = YES;
				GCC_WARN_UNUSED_VARIABLE = YES;
				IPHONEOS_DEPLOYMENT_TARGET = 13.0;
				MTL_ENABLE_DEBUG_INFO = NO;
				MTL_FAST_MATH = YES;
				SDKROOT = iphoneos;
				SWIFT_COMPILATION_MODE = wholemodule;
				VALIDATE_PRODUCT = YES;
			};
			name = "Release (Non-Jailbroken)";
		};
		B9DC3E1027EFBD2F0084DAA4 /* Debug (Non-Jailbroken) */ = {
			isa = XCBuildConfiguration;
			baseConfigurationReference = B96F72CE27F0E8BD0024BA7D /* Debug (Non-Jailbroken).xcconfig */;
			buildSettings = {
				ASSETCATALOG_COMPILER_APPICON_NAME = AppIcon;
				ASSETCATALOG_COMPILER_GLOBAL_ACCENT_COLOR_NAME = AccentColor;
				CLANG_ENABLE_MODULES = YES;
				CODE_SIGN_STYLE = Automatic;
				CURRENT_PROJECT_VERSION = 1;
				GENERATE_INFOPLIST_FILE = YES;
				INFOPLIST_FILE = DolphiniOS/Info.plist;
				INFOPLIST_KEY_LSSupportsOpeningDocumentsInPlace = YES;
				INFOPLIST_KEY_UIApplicationSupportsIndirectInputEvents = YES;
				INFOPLIST_KEY_UILaunchStoryboardName = LaunchScreen;
				INFOPLIST_KEY_UIMainStoryboardFile = Main;
				INFOPLIST_KEY_UISupportedInterfaceOrientations_iPad = "UIInterfaceOrientationPortrait UIInterfaceOrientationPortraitUpsideDown UIInterfaceOrientationLandscapeLeft UIInterfaceOrientationLandscapeRight";
				INFOPLIST_KEY_UISupportedInterfaceOrientations_iPhone = "UIInterfaceOrientationPortrait UIInterfaceOrientationLandscapeLeft UIInterfaceOrientationLandscapeRight";
				IPHONEOS_DEPLOYMENT_TARGET = 13.0;
				LD_RUNPATH_SEARCH_PATHS = (
					"$(inherited)",
					"@executable_path/Frameworks",
				);
				MARKETING_VERSION = 4.0.0;
				PRODUCT_NAME = "$(TARGET_NAME)";
				SWIFT_EMIT_LOC_STRINGS = YES;
				SWIFT_OPTIMIZATION_LEVEL = "-Onone";
				SWIFT_VERSION = 5.0;
				TARGETED_DEVICE_FAMILY = "1,2";
			};
			name = "Debug (Non-Jailbroken)";
		};
		B9DC3E1127EFBD2F0084DAA4 /* Release (Non-Jailbroken) */ = {
			isa = XCBuildConfiguration;
			baseConfigurationReference = B96F72D027F0FC020024BA7D /* Release (Non-Jailbroken).xcconfig */;
			buildSettings = {
				ASSETCATALOG_COMPILER_APPICON_NAME = AppIcon;
				ASSETCATALOG_COMPILER_GLOBAL_ACCENT_COLOR_NAME = AccentColor;
				CLANG_ENABLE_MODULES = YES;
				CODE_SIGN_STYLE = Automatic;
				CURRENT_PROJECT_VERSION = 1;
				GENERATE_INFOPLIST_FILE = YES;
				INFOPLIST_FILE = DolphiniOS/Info.plist;
				INFOPLIST_KEY_LSSupportsOpeningDocumentsInPlace = YES;
				INFOPLIST_KEY_UIApplicationSupportsIndirectInputEvents = YES;
				INFOPLIST_KEY_UILaunchStoryboardName = LaunchScreen;
				INFOPLIST_KEY_UIMainStoryboardFile = Main;
				INFOPLIST_KEY_UISupportedInterfaceOrientations_iPad = "UIInterfaceOrientationPortrait UIInterfaceOrientationPortraitUpsideDown UIInterfaceOrientationLandscapeLeft UIInterfaceOrientationLandscapeRight";
				INFOPLIST_KEY_UISupportedInterfaceOrientations_iPhone = "UIInterfaceOrientationPortrait UIInterfaceOrientationLandscapeLeft UIInterfaceOrientationLandscapeRight";
				IPHONEOS_DEPLOYMENT_TARGET = 13.0;
				LD_RUNPATH_SEARCH_PATHS = (
					"$(inherited)",
					"@executable_path/Frameworks",
				);
				MARKETING_VERSION = 4.0.0;
				PRODUCT_NAME = "$(TARGET_NAME)";
				SWIFT_EMIT_LOC_STRINGS = YES;
				SWIFT_VERSION = 5.0;
				TARGETED_DEVICE_FAMILY = "1,2";
			};
			name = "Release (Non-Jailbroken)";
		};
/* End XCBuildConfiguration section */

/* Begin XCConfigurationList section */
		B9DC3DF127EFBD2C0084DAA4 /* Build configuration list for PBXProject "DolphiniOS" */ = {
			isa = XCConfigurationList;
			buildConfigurations = (
				B9DC3E0D27EFBD2F0084DAA4 /* Debug (Non-Jailbroken) */,
				B96F72C427F0E43D0024BA7D /* Debug (Jailbroken) */,
				B9DC3E0E27EFBD2F0084DAA4 /* Release (Non-Jailbroken) */,
				B96F72C827F0E4A60024BA7D /* Release (Beta, Non-Jailbroken) */,
				B96F72C627F0E4470024BA7D /* Release (Jailbroken) */,
				B96F72CA27F0E4AE0024BA7D /* Release (Beta, Jailbroken) */,
			);
			defaultConfigurationIsVisible = 0;
			defaultConfigurationName = "Release (Non-Jailbroken)";
		};
		B9DC3E0F27EFBD2F0084DAA4 /* Build configuration list for PBXNativeTarget "DolphiniOS" */ = {
			isa = XCConfigurationList;
			buildConfigurations = (
				B9DC3E1027EFBD2F0084DAA4 /* Debug (Non-Jailbroken) */,
				B96F72C527F0E43D0024BA7D /* Debug (Jailbroken) */,
				B9DC3E1127EFBD2F0084DAA4 /* Release (Non-Jailbroken) */,
				B96F72C927F0E4A60024BA7D /* Release (Beta, Non-Jailbroken) */,
				B96F72C727F0E4470024BA7D /* Release (Jailbroken) */,
				B96F72CB27F0E4AE0024BA7D /* Release (Beta, Jailbroken) */,
			);
			defaultConfigurationIsVisible = 0;
			defaultConfigurationName = "Release (Non-Jailbroken)";
		};
/* End XCConfigurationList section */

/* Begin XCRemoteSwiftPackageReference section */
		B900A7D027F5228B000361DD /* XCRemoteSwiftPackageReference "UICollectionViewLeftAlignedLayout" */ = {
			isa = XCRemoteSwiftPackageReference;
			repositoryURL = "https://github.com/OatmealDome/UICollectionViewLeftAlignedLayout";
			requirement = {
				kind = upToNextMajorVersion;
				minimumVersion = 1.0.0;
			};
		};
/* End XCRemoteSwiftPackageReference section */

/* Begin XCSwiftPackageProductDependency section */
		B900A7D127F5228B000361DD /* UICollectionViewLeftAlignedLayout */ = {
			isa = XCSwiftPackageProductDependency;
			package = B900A7D027F5228B000361DD /* XCRemoteSwiftPackageReference "UICollectionViewLeftAlignedLayout" */;
			productName = UICollectionViewLeftAlignedLayout;
		};
/* End XCSwiftPackageProductDependency section */
	};
	rootObject = B9DC3DEE27EFBD2C0084DAA4 /* Project object */;
}
